// !$*UTF8*$!
{
	archiveVersion = 1;
	classes = {
	};
	objectVersion = 56;
	objects = {

/* Begin PBXBuildFile section */
		1404BAEC29AF998A00FDDE16 /* main.swift in Sources */ = {isa = PBXBuildFile; fileRef = 1404BAEB29AF998A00FDDE16 /* main.swift */; };
		1404BAF729B0283D00FDDE16 /* main.swift in Sources */ = {isa = PBXBuildFile; fileRef = 1404BAF629B0283D00FDDE16 /* main.swift */; };
		1404BB0229B029D600FDDE16 /* main.swift in Sources */ = {isa = PBXBuildFile; fileRef = 1404BB0129B029D600FDDE16 /* main.swift */; };
		1404BB0D29B02A6900FDDE16 /* main.swift in Sources */ = {isa = PBXBuildFile; fileRef = 1404BB0C29B02A6900FDDE16 /* main.swift */; };
		1404BB3929B175A500FDDE16 /* main.swift in Sources */ = {isa = PBXBuildFile; fileRef = 1404BB3829B175A500FDDE16 /* main.swift */; };
		1404BB4429B17BEA00FDDE16 /* main.swift in Sources */ = {isa = PBXBuildFile; fileRef = 1404BB4329B17BEA00FDDE16 /* main.swift */; };
		1404BB4F29B17E9100FDDE16 /* main.swift in Sources */ = {isa = PBXBuildFile; fileRef = 1404BB4E29B17E9100FDDE16 /* main.swift */; };
		1404BB7B29B2CC7F00FDDE16 /* main.swift in Sources */ = {isa = PBXBuildFile; fileRef = 1404BB7A29B2CC7F00FDDE16 /* main.swift */; };
		1404BB8629B2D18F00FDDE16 /* main.swift in Sources */ = {isa = PBXBuildFile; fileRef = 1404BB8529B2D18F00FDDE16 /* main.swift */; };
		1404BB9129B2D32D00FDDE16 /* main.swift in Sources */ = {isa = PBXBuildFile; fileRef = 1404BB9029B2D32D00FDDE16 /* main.swift */; };
		14371CE729AC3A6700DFD1F1 /* main.swift in Sources */ = {isa = PBXBuildFile; fileRef = 14371CE629AC3A6700DFD1F1 /* main.swift */; };
		14371CF429AC3A8500DFD1F1 /* main.swift in Sources */ = {isa = PBXBuildFile; fileRef = 14371CF329AC3A8500DFD1F1 /* main.swift */; };
		14371CFF29AC3C7800DFD1F1 /* main.swift in Sources */ = {isa = PBXBuildFile; fileRef = 14371CFE29AC3C7800DFD1F1 /* main.swift */; };
		14371D5529ADCEFE00DFD1F1 /* main.swift in Sources */ = {isa = PBXBuildFile; fileRef = 14371D5429ADCEFE00DFD1F1 /* main.swift */; };
		14371D6029ADD1A900DFD1F1 /* main.swift in Sources */ = {isa = PBXBuildFile; fileRef = 14371D5F29ADD1A900DFD1F1 /* main.swift */; };
		14371D8C29ADE5E500DFD1F1 /* main.swift in Sources */ = {isa = PBXBuildFile; fileRef = 14371D8B29ADE5E500DFD1F1 /* main.swift */; };
		14371DA029AEDEBA00DFD1F1 /* main.swift in Sources */ = {isa = PBXBuildFile; fileRef = 14371D9F29AEDEBA00DFD1F1 /* main.swift */; };
		14371DAB29AEE98000DFD1F1 /* main.swift in Sources */ = {isa = PBXBuildFile; fileRef = 14371DAA29AEE98000DFD1F1 /* main.swift */; };
		148C6D0529B45566002F49D2 /* main.swift in Sources */ = {isa = PBXBuildFile; fileRef = 148C6D0429B45566002F49D2 /* main.swift */; };
		148C6D1029B45EE6002F49D2 /* main.swift in Sources */ = {isa = PBXBuildFile; fileRef = 148C6D0F29B45EE6002F49D2 /* main.swift */; };
		148C6D1B29B46138002F49D2 /* main.swift in Sources */ = {isa = PBXBuildFile; fileRef = 148C6D1A29B46138002F49D2 /* main.swift */; };
		148C6D2629B57006002F49D2 /* main.swift in Sources */ = {isa = PBXBuildFile; fileRef = 148C6D2529B57006002F49D2 /* main.swift */; };
		148C6D3129B571A2002F49D2 /* main.swift in Sources */ = {isa = PBXBuildFile; fileRef = 148C6D3029B571A2002F49D2 /* main.swift */; };
		148C6D3C29B59E38002F49D2 /* main.swift in Sources */ = {isa = PBXBuildFile; fileRef = 148C6D3B29B59E38002F49D2 /* main.swift */; };
/* End PBXBuildFile section */

/* Begin PBXCopyFilesBuildPhase section */
		1404BAE729AF998A00FDDE16 /* CopyFiles */ = {
			isa = PBXCopyFilesBuildPhase;
			buildActionMask = 2147483647;
			dstPath = /usr/share/man/man1/;
			dstSubfolderSpec = 0;
			files = (
			);
			runOnlyForDeploymentPostprocessing = 1;
		};
		1404BAF229B0283D00FDDE16 /* CopyFiles */ = {
			isa = PBXCopyFilesBuildPhase;
			buildActionMask = 2147483647;
			dstPath = /usr/share/man/man1/;
			dstSubfolderSpec = 0;
			files = (
			);
			runOnlyForDeploymentPostprocessing = 1;
		};
		1404BAFD29B029D600FDDE16 /* CopyFiles */ = {
			isa = PBXCopyFilesBuildPhase;
			buildActionMask = 2147483647;
			dstPath = /usr/share/man/man1/;
			dstSubfolderSpec = 0;
			files = (
			);
			runOnlyForDeploymentPostprocessing = 1;
		};
		1404BB0829B02A6900FDDE16 /* CopyFiles */ = {
			isa = PBXCopyFilesBuildPhase;
			buildActionMask = 2147483647;
			dstPath = /usr/share/man/man1/;
			dstSubfolderSpec = 0;
			files = (
			);
			runOnlyForDeploymentPostprocessing = 1;
		};
		1404BB3429B175A500FDDE16 /* CopyFiles */ = {
			isa = PBXCopyFilesBuildPhase;
			buildActionMask = 2147483647;
			dstPath = /usr/share/man/man1/;
			dstSubfolderSpec = 0;
			files = (
			);
			runOnlyForDeploymentPostprocessing = 1;
		};
		1404BB3F29B17BEA00FDDE16 /* CopyFiles */ = {
			isa = PBXCopyFilesBuildPhase;
			buildActionMask = 2147483647;
			dstPath = /usr/share/man/man1/;
			dstSubfolderSpec = 0;
			files = (
			);
			runOnlyForDeploymentPostprocessing = 1;
		};
		1404BB4A29B17E9100FDDE16 /* CopyFiles */ = {
			isa = PBXCopyFilesBuildPhase;
			buildActionMask = 2147483647;
			dstPath = /usr/share/man/man1/;
			dstSubfolderSpec = 0;
			files = (
			);
			runOnlyForDeploymentPostprocessing = 1;
		};
		1404BB7629B2CC7F00FDDE16 /* CopyFiles */ = {
			isa = PBXCopyFilesBuildPhase;
			buildActionMask = 2147483647;
			dstPath = /usr/share/man/man1/;
			dstSubfolderSpec = 0;
			files = (
			);
			runOnlyForDeploymentPostprocessing = 1;
		};
		1404BB8129B2D18F00FDDE16 /* CopyFiles */ = {
			isa = PBXCopyFilesBuildPhase;
			buildActionMask = 2147483647;
			dstPath = /usr/share/man/man1/;
			dstSubfolderSpec = 0;
			files = (
			);
			runOnlyForDeploymentPostprocessing = 1;
		};
		1404BB8C29B2D32D00FDDE16 /* CopyFiles */ = {
			isa = PBXCopyFilesBuildPhase;
			buildActionMask = 2147483647;
			dstPath = /usr/share/man/man1/;
			dstSubfolderSpec = 0;
			files = (
			);
			runOnlyForDeploymentPostprocessing = 1;
		};
		14371CE129AC3A6700DFD1F1 /* CopyFiles */ = {
			isa = PBXCopyFilesBuildPhase;
			buildActionMask = 2147483647;
			dstPath = /usr/share/man/man1/;
			dstSubfolderSpec = 0;
			files = (
			);
			runOnlyForDeploymentPostprocessing = 1;
		};
		14371CEF29AC3A8400DFD1F1 /* CopyFiles */ = {
			isa = PBXCopyFilesBuildPhase;
			buildActionMask = 2147483647;
			dstPath = /usr/share/man/man1/;
			dstSubfolderSpec = 0;
			files = (
			);
			runOnlyForDeploymentPostprocessing = 1;
		};
		14371CFA29AC3C7800DFD1F1 /* CopyFiles */ = {
			isa = PBXCopyFilesBuildPhase;
			buildActionMask = 2147483647;
			dstPath = /usr/share/man/man1/;
			dstSubfolderSpec = 0;
			files = (
			);
			runOnlyForDeploymentPostprocessing = 1;
		};
		14371D5029ADCEFE00DFD1F1 /* CopyFiles */ = {
			isa = PBXCopyFilesBuildPhase;
			buildActionMask = 2147483647;
			dstPath = /usr/share/man/man1/;
			dstSubfolderSpec = 0;
			files = (
			);
			runOnlyForDeploymentPostprocessing = 1;
		};
		14371D5B29ADD1A900DFD1F1 /* CopyFiles */ = {
			isa = PBXCopyFilesBuildPhase;
			buildActionMask = 2147483647;
			dstPath = /usr/share/man/man1/;
			dstSubfolderSpec = 0;
			files = (
			);
			runOnlyForDeploymentPostprocessing = 1;
		};
		14371D8729ADE5E500DFD1F1 /* CopyFiles */ = {
			isa = PBXCopyFilesBuildPhase;
			buildActionMask = 2147483647;
			dstPath = /usr/share/man/man1/;
			dstSubfolderSpec = 0;
			files = (
			);
			runOnlyForDeploymentPostprocessing = 1;
		};
		14371D9B29AEDEBA00DFD1F1 /* CopyFiles */ = {
			isa = PBXCopyFilesBuildPhase;
			buildActionMask = 2147483647;
			dstPath = /usr/share/man/man1/;
			dstSubfolderSpec = 0;
			files = (
			);
			runOnlyForDeploymentPostprocessing = 1;
		};
		14371DA629AEE98000DFD1F1 /* CopyFiles */ = {
			isa = PBXCopyFilesBuildPhase;
			buildActionMask = 2147483647;
			dstPath = /usr/share/man/man1/;
			dstSubfolderSpec = 0;
			files = (
			);
			runOnlyForDeploymentPostprocessing = 1;
		};
		148C6D0029B45566002F49D2 /* CopyFiles */ = {
			isa = PBXCopyFilesBuildPhase;
			buildActionMask = 2147483647;
			dstPath = /usr/share/man/man1/;
			dstSubfolderSpec = 0;
			files = (
			);
			runOnlyForDeploymentPostprocessing = 1;
		};
		148C6D0B29B45EE6002F49D2 /* CopyFiles */ = {
			isa = PBXCopyFilesBuildPhase;
			buildActionMask = 2147483647;
			dstPath = /usr/share/man/man1/;
			dstSubfolderSpec = 0;
			files = (
			);
			runOnlyForDeploymentPostprocessing = 1;
		};
		148C6D1629B46138002F49D2 /* CopyFiles */ = {
			isa = PBXCopyFilesBuildPhase;
			buildActionMask = 2147483647;
			dstPath = /usr/share/man/man1/;
			dstSubfolderSpec = 0;
			files = (
			);
			runOnlyForDeploymentPostprocessing = 1;
		};
		148C6D2129B57006002F49D2 /* CopyFiles */ = {
			isa = PBXCopyFilesBuildPhase;
			buildActionMask = 2147483647;
			dstPath = /usr/share/man/man1/;
			dstSubfolderSpec = 0;
			files = (
			);
			runOnlyForDeploymentPostprocessing = 1;
		};
		148C6D2C29B571A2002F49D2 /* CopyFiles */ = {
			isa = PBXCopyFilesBuildPhase;
			buildActionMask = 2147483647;
			dstPath = /usr/share/man/man1/;
			dstSubfolderSpec = 0;
			files = (
			);
			runOnlyForDeploymentPostprocessing = 1;
		};
		148C6D3729B59E37002F49D2 /* CopyFiles */ = {
			isa = PBXCopyFilesBuildPhase;
			buildActionMask = 2147483647;
			dstPath = /usr/share/man/man1/;
			dstSubfolderSpec = 0;
			files = (
			);
			runOnlyForDeploymentPostprocessing = 1;
		};
/* End PBXCopyFilesBuildPhase section */

/* Begin PBXFileReference section */
		1404BAE929AF998A00FDDE16 /* R61 */ = {isa = PBXFileReference; explicitFileType = "compiled.mach-o.executable"; includeInIndex = 0; path = R61; sourceTree = BUILT_PRODUCTS_DIR; };
		1404BAEB29AF998A00FDDE16 /* main.swift */ = {isa = PBXFileReference; lastKnownFileType = sourcecode.swift; path = main.swift; sourceTree = "<group>"; };
		1404BAF429B0283D00FDDE16 /* R03 */ = {isa = PBXFileReference; explicitFileType = "compiled.mach-o.executable"; includeInIndex = 0; path = R03; sourceTree = BUILT_PRODUCTS_DIR; };
		1404BAF629B0283D00FDDE16 /* main.swift */ = {isa = PBXFileReference; lastKnownFileType = sourcecode.swift; path = main.swift; sourceTree = "<group>"; };
		1404BAFF29B029D600FDDE16 /* R53 */ = {isa = PBXFileReference; explicitFileType = "compiled.mach-o.executable"; includeInIndex = 0; path = R53; sourceTree = BUILT_PRODUCTS_DIR; };
		1404BB0129B029D600FDDE16 /* main.swift */ = {isa = PBXFileReference; lastKnownFileType = sourcecode.swift; path = main.swift; sourceTree = "<group>"; };
		1404BB0A29B02A6900FDDE16 /* R53-2 */ = {isa = PBXFileReference; explicitFileType = "compiled.mach-o.executable"; includeInIndex = 0; path = "R53-2"; sourceTree = BUILT_PRODUCTS_DIR; };
		1404BB0C29B02A6900FDDE16 /* main.swift */ = {isa = PBXFileReference; lastKnownFileType = sourcecode.swift; path = main.swift; sourceTree = "<group>"; };
		1404BB3629B175A500FDDE16 /* R04 */ = {isa = PBXFileReference; explicitFileType = "compiled.mach-o.executable"; includeInIndex = 0; path = R04; sourceTree = BUILT_PRODUCTS_DIR; };
		1404BB3829B175A500FDDE16 /* main.swift */ = {isa = PBXFileReference; lastKnownFileType = sourcecode.swift; path = main.swift; sourceTree = "<group>"; };
		1404BB4129B17BEA00FDDE16 /* R11 */ = {isa = PBXFileReference; explicitFileType = "compiled.mach-o.executable"; includeInIndex = 0; path = R11; sourceTree = BUILT_PRODUCTS_DIR; };
		1404BB4329B17BEA00FDDE16 /* main.swift */ = {isa = PBXFileReference; lastKnownFileType = sourcecode.swift; path = main.swift; sourceTree = "<group>"; };
		1404BB4C29B17E9100FDDE16 /* R50 */ = {isa = PBXFileReference; explicitFileType = "compiled.mach-o.executable"; includeInIndex = 0; path = R50; sourceTree = BUILT_PRODUCTS_DIR; };
		1404BB4E29B17E9100FDDE16 /* main.swift */ = {isa = PBXFileReference; lastKnownFileType = sourcecode.swift; path = main.swift; sourceTree = "<group>"; };
		1404BB7829B2CC7F00FDDE16 /* R32 */ = {isa = PBXFileReference; explicitFileType = "compiled.mach-o.executable"; includeInIndex = 0; path = R32; sourceTree = BUILT_PRODUCTS_DIR; };
		1404BB7A29B2CC7F00FDDE16 /* main.swift */ = {isa = PBXFileReference; lastKnownFileType = sourcecode.swift; path = main.swift; sourceTree = "<group>"; };
		1404BB8329B2D18F00FDDE16 /* R27 */ = {isa = PBXFileReference; explicitFileType = "compiled.mach-o.executable"; includeInIndex = 0; path = R27; sourceTree = BUILT_PRODUCTS_DIR; };
		1404BB8529B2D18F00FDDE16 /* main.swift */ = {isa = PBXFileReference; lastKnownFileType = sourcecode.swift; path = main.swift; sourceTree = "<group>"; };
		1404BB8E29B2D32D00FDDE16 /* R32-2 */ = {isa = PBXFileReference; explicitFileType = "compiled.mach-o.executable"; includeInIndex = 0; path = "R32-2"; sourceTree = BUILT_PRODUCTS_DIR; };
		1404BB9029B2D32D00FDDE16 /* main.swift */ = {isa = PBXFileReference; lastKnownFileType = sourcecode.swift; path = main.swift; sourceTree = "<group>"; };
		14371CE329AC3A6700DFD1F1 /* jian-zhi-offer */ = {isa = PBXFileReference; explicitFileType = "compiled.mach-o.executable"; includeInIndex = 0; path = "jian-zhi-offer"; sourceTree = BUILT_PRODUCTS_DIR; };
		14371CE629AC3A6700DFD1F1 /* main.swift */ = {isa = PBXFileReference; lastKnownFileType = sourcecode.swift; path = main.swift; sourceTree = "<group>"; };
		14371CF129AC3A8400DFD1F1 /* R09 */ = {isa = PBXFileReference; explicitFileType = "compiled.mach-o.executable"; includeInIndex = 0; path = R09; sourceTree = BUILT_PRODUCTS_DIR; };
		14371CF329AC3A8500DFD1F1 /* main.swift */ = {isa = PBXFileReference; lastKnownFileType = sourcecode.swift; path = main.swift; sourceTree = "<group>"; };
		14371CFC29AC3C7800DFD1F1 /* R30 */ = {isa = PBXFileReference; explicitFileType = "compiled.mach-o.executable"; includeInIndex = 0; path = R30; sourceTree = BUILT_PRODUCTS_DIR; };
		14371CFE29AC3C7800DFD1F1 /* main.swift */ = {isa = PBXFileReference; lastKnownFileType = sourcecode.swift; path = main.swift; sourceTree = "<group>"; };
		14371D5229ADCEFE00DFD1F1 /* R06 */ = {isa = PBXFileReference; explicitFileType = "compiled.mach-o.executable"; includeInIndex = 0; path = R06; sourceTree = BUILT_PRODUCTS_DIR; };
		14371D5429ADCEFE00DFD1F1 /* main.swift */ = {isa = PBXFileReference; lastKnownFileType = sourcecode.swift; path = main.swift; sourceTree = "<group>"; };
		14371D5D29ADD1A900DFD1F1 /* R24 */ = {isa = PBXFileReference; explicitFileType = "compiled.mach-o.executable"; includeInIndex = 0; path = R24; sourceTree = BUILT_PRODUCTS_DIR; };
		14371D5F29ADD1A900DFD1F1 /* main.swift */ = {isa = PBXFileReference; lastKnownFileType = sourcecode.swift; path = main.swift; sourceTree = "<group>"; };
		14371D8929ADE5E500DFD1F1 /* R35 */ = {isa = PBXFileReference; explicitFileType = "compiled.mach-o.executable"; includeInIndex = 0; path = R35; sourceTree = BUILT_PRODUCTS_DIR; };
		14371D8B29ADE5E500DFD1F1 /* main.swift */ = {isa = PBXFileReference; lastKnownFileType = sourcecode.swift; path = main.swift; sourceTree = "<group>"; };
		14371D9D29AEDEBA00DFD1F1 /* R05 */ = {isa = PBXFileReference; explicitFileType = "compiled.mach-o.executable"; includeInIndex = 0; path = R05; sourceTree = BUILT_PRODUCTS_DIR; };
		14371D9F29AEDEBA00DFD1F1 /* main.swift */ = {isa = PBXFileReference; lastKnownFileType = sourcecode.swift; path = main.swift; sourceTree = "<group>"; };
		14371DA829AEE98000DFD1F1 /* R58 */ = {isa = PBXFileReference; explicitFileType = "compiled.mach-o.executable"; includeInIndex = 0; path = R58; sourceTree = BUILT_PRODUCTS_DIR; };
		14371DAA29AEE98000DFD1F1 /* main.swift */ = {isa = PBXFileReference; lastKnownFileType = sourcecode.swift; path = main.swift; sourceTree = "<group>"; };
		148C6D0229B45566002F49D2 /* R32-3 */ = {isa = PBXFileReference; explicitFileType = "compiled.mach-o.executable"; includeInIndex = 0; path = "R32-3"; sourceTree = BUILT_PRODUCTS_DIR; };
		148C6D0429B45566002F49D2 /* main.swift */ = {isa = PBXFileReference; lastKnownFileType = sourcecode.swift; path = main.swift; sourceTree = "<group>"; };
		148C6D0D29B45EE6002F49D2 /* R26 */ = {isa = PBXFileReference; explicitFileType = "compiled.mach-o.executable"; includeInIndex = 0; path = R26; sourceTree = BUILT_PRODUCTS_DIR; };
		148C6D0F29B45EE6002F49D2 /* main.swift */ = {isa = PBXFileReference; lastKnownFileType = sourcecode.swift; path = main.swift; sourceTree = "<group>"; };
		148C6D1829B46138002F49D2 /* R28 */ = {isa = PBXFileReference; explicitFileType = "compiled.mach-o.executable"; includeInIndex = 0; path = R28; sourceTree = BUILT_PRODUCTS_DIR; };
		148C6D1A29B46138002F49D2 /* main.swift */ = {isa = PBXFileReference; lastKnownFileType = sourcecode.swift; path = main.swift; sourceTree = "<group>"; };
		148C6D2329B57006002F49D2 /* R10-I */ = {isa = PBXFileReference; explicitFileType = "compiled.mach-o.executable"; includeInIndex = 0; path = "R10-I"; sourceTree = BUILT_PRODUCTS_DIR; };
		148C6D2529B57006002F49D2 /* main.swift */ = {isa = PBXFileReference; lastKnownFileType = sourcecode.swift; path = main.swift; sourceTree = "<group>"; };
		148C6D2E29B571A2002F49D2 /* R10-II */ = {isa = PBXFileReference; explicitFileType = "compiled.mach-o.executable"; includeInIndex = 0; path = "R10-II"; sourceTree = BUILT_PRODUCTS_DIR; };
		148C6D3029B571A2002F49D2 /* main.swift */ = {isa = PBXFileReference; lastKnownFileType = sourcecode.swift; path = main.swift; sourceTree = "<group>"; };
		148C6D3929B59E37002F49D2 /* R63 */ = {isa = PBXFileReference; explicitFileType = "compiled.mach-o.executable"; includeInIndex = 0; path = R63; sourceTree = BUILT_PRODUCTS_DIR; };
		148C6D3B29B59E38002F49D2 /* main.swift */ = {isa = PBXFileReference; lastKnownFileType = sourcecode.swift; path = main.swift; sourceTree = "<group>"; };
/* End PBXFileReference section */

/* Begin PBXFrameworksBuildPhase section */
		1404BAE629AF998A00FDDE16 /* Frameworks */ = {
			isa = PBXFrameworksBuildPhase;
			buildActionMask = 2147483647;
			files = (
			);
			runOnlyForDeploymentPostprocessing = 0;
		};
		1404BAF129B0283D00FDDE16 /* Frameworks */ = {
			isa = PBXFrameworksBuildPhase;
			buildActionMask = 2147483647;
			files = (
			);
			runOnlyForDeploymentPostprocessing = 0;
		};
		1404BAFC29B029D600FDDE16 /* Frameworks */ = {
			isa = PBXFrameworksBuildPhase;
			buildActionMask = 2147483647;
			files = (
			);
			runOnlyForDeploymentPostprocessing = 0;
		};
		1404BB0729B02A6900FDDE16 /* Frameworks */ = {
			isa = PBXFrameworksBuildPhase;
			buildActionMask = 2147483647;
			files = (
			);
			runOnlyForDeploymentPostprocessing = 0;
		};
		1404BB3329B175A500FDDE16 /* Frameworks */ = {
			isa = PBXFrameworksBuildPhase;
			buildActionMask = 2147483647;
			files = (
			);
			runOnlyForDeploymentPostprocessing = 0;
		};
		1404BB3E29B17BEA00FDDE16 /* Frameworks */ = {
			isa = PBXFrameworksBuildPhase;
			buildActionMask = 2147483647;
			files = (
			);
			runOnlyForDeploymentPostprocessing = 0;
		};
		1404BB4929B17E9100FDDE16 /* Frameworks */ = {
			isa = PBXFrameworksBuildPhase;
			buildActionMask = 2147483647;
			files = (
			);
			runOnlyForDeploymentPostprocessing = 0;
		};
		1404BB7529B2CC7F00FDDE16 /* Frameworks */ = {
			isa = PBXFrameworksBuildPhase;
			buildActionMask = 2147483647;
			files = (
			);
			runOnlyForDeploymentPostprocessing = 0;
		};
		1404BB8029B2D18F00FDDE16 /* Frameworks */ = {
			isa = PBXFrameworksBuildPhase;
			buildActionMask = 2147483647;
			files = (
			);
			runOnlyForDeploymentPostprocessing = 0;
		};
		1404BB8B29B2D32D00FDDE16 /* Frameworks */ = {
			isa = PBXFrameworksBuildPhase;
			buildActionMask = 2147483647;
			files = (
			);
			runOnlyForDeploymentPostprocessing = 0;
		};
		14371CE029AC3A6700DFD1F1 /* Frameworks */ = {
			isa = PBXFrameworksBuildPhase;
			buildActionMask = 2147483647;
			files = (
			);
			runOnlyForDeploymentPostprocessing = 0;
		};
		14371CEE29AC3A8400DFD1F1 /* Frameworks */ = {
			isa = PBXFrameworksBuildPhase;
			buildActionMask = 2147483647;
			files = (
			);
			runOnlyForDeploymentPostprocessing = 0;
		};
		14371CF929AC3C7800DFD1F1 /* Frameworks */ = {
			isa = PBXFrameworksBuildPhase;
			buildActionMask = 2147483647;
			files = (
			);
			runOnlyForDeploymentPostprocessing = 0;
		};
		14371D4F29ADCEFE00DFD1F1 /* Frameworks */ = {
			isa = PBXFrameworksBuildPhase;
			buildActionMask = 2147483647;
			files = (
			);
			runOnlyForDeploymentPostprocessing = 0;
		};
		14371D5A29ADD1A900DFD1F1 /* Frameworks */ = {
			isa = PBXFrameworksBuildPhase;
			buildActionMask = 2147483647;
			files = (
			);
			runOnlyForDeploymentPostprocessing = 0;
		};
		14371D8629ADE5E500DFD1F1 /* Frameworks */ = {
			isa = PBXFrameworksBuildPhase;
			buildActionMask = 2147483647;
			files = (
			);
			runOnlyForDeploymentPostprocessing = 0;
		};
		14371D9A29AEDEBA00DFD1F1 /* Frameworks */ = {
			isa = PBXFrameworksBuildPhase;
			buildActionMask = 2147483647;
			files = (
			);
			runOnlyForDeploymentPostprocessing = 0;
		};
		14371DA529AEE98000DFD1F1 /* Frameworks */ = {
			isa = PBXFrameworksBuildPhase;
			buildActionMask = 2147483647;
			files = (
			);
			runOnlyForDeploymentPostprocessing = 0;
		};
		148C6CFF29B45566002F49D2 /* Frameworks */ = {
			isa = PBXFrameworksBuildPhase;
			buildActionMask = 2147483647;
			files = (
			);
			runOnlyForDeploymentPostprocessing = 0;
		};
		148C6D0A29B45EE6002F49D2 /* Frameworks */ = {
			isa = PBXFrameworksBuildPhase;
			buildActionMask = 2147483647;
			files = (
			);
			runOnlyForDeploymentPostprocessing = 0;
		};
		148C6D1529B46138002F49D2 /* Frameworks */ = {
			isa = PBXFrameworksBuildPhase;
			buildActionMask = 2147483647;
			files = (
			);
			runOnlyForDeploymentPostprocessing = 0;
		};
		148C6D2029B57006002F49D2 /* Frameworks */ = {
			isa = PBXFrameworksBuildPhase;
			buildActionMask = 2147483647;
			files = (
			);
			runOnlyForDeploymentPostprocessing = 0;
		};
		148C6D2B29B571A2002F49D2 /* Frameworks */ = {
			isa = PBXFrameworksBuildPhase;
			buildActionMask = 2147483647;
			files = (
			);
			runOnlyForDeploymentPostprocessing = 0;
		};
		148C6D3629B59E37002F49D2 /* Frameworks */ = {
			isa = PBXFrameworksBuildPhase;
			buildActionMask = 2147483647;
			files = (
			);
			runOnlyForDeploymentPostprocessing = 0;
		};
/* End PBXFrameworksBuildPhase section */

/* Begin PBXGroup section */
		1404BAEA29AF998A00FDDE16 /* R61 */ = {
			isa = PBXGroup;
			children = (
				1404BAEB29AF998A00FDDE16 /* main.swift */,
			);
			path = R61;
			sourceTree = "<group>";
		};
		1404BAF529B0283D00FDDE16 /* R03 */ = {
			isa = PBXGroup;
			children = (
				1404BAF629B0283D00FDDE16 /* main.swift */,
			);
			path = R03;
			sourceTree = "<group>";
		};
		1404BB0029B029D600FDDE16 /* R53 */ = {
			isa = PBXGroup;
			children = (
				1404BB0129B029D600FDDE16 /* main.swift */,
			);
			path = R53;
			sourceTree = "<group>";
		};
		1404BB0B29B02A6900FDDE16 /* R53-2 */ = {
			isa = PBXGroup;
			children = (
				1404BB0C29B02A6900FDDE16 /* main.swift */,
			);
			path = "R53-2";
			sourceTree = "<group>";
		};
		1404BB3729B175A500FDDE16 /* R04 */ = {
			isa = PBXGroup;
			children = (
				1404BB3829B175A500FDDE16 /* main.swift */,
			);
			path = R04;
			sourceTree = "<group>";
		};
		1404BB4229B17BEA00FDDE16 /* R11 */ = {
			isa = PBXGroup;
			children = (
				1404BB4329B17BEA00FDDE16 /* main.swift */,
			);
			path = R11;
			sourceTree = "<group>";
		};
		1404BB4D29B17E9100FDDE16 /* R50 */ = {
			isa = PBXGroup;
			children = (
				1404BB4E29B17E9100FDDE16 /* main.swift */,
			);
			path = R50;
			sourceTree = "<group>";
		};
		1404BB7929B2CC7F00FDDE16 /* R32 */ = {
			isa = PBXGroup;
			children = (
				1404BB7A29B2CC7F00FDDE16 /* main.swift */,
			);
			path = R32;
			sourceTree = "<group>";
		};
		1404BB8429B2D18F00FDDE16 /* R27 */ = {
			isa = PBXGroup;
			children = (
				1404BB8529B2D18F00FDDE16 /* main.swift */,
			);
			path = R27;
			sourceTree = "<group>";
		};
		1404BB8F29B2D32D00FDDE16 /* R32-2 */ = {
			isa = PBXGroup;
			children = (
				1404BB9029B2D32D00FDDE16 /* main.swift */,
			);
			path = "R32-2";
			sourceTree = "<group>";
		};
		14371CDA29AC3A6700DFD1F1 = {
			isa = PBXGroup;
			children = (
				14371CE529AC3A6700DFD1F1 /* jian-zhi-offer */,
				14371CF229AC3A8500DFD1F1 /* R09 */,
				14371CFD29AC3C7800DFD1F1 /* R30 */,
				14371D5329ADCEFE00DFD1F1 /* R06 */,
				14371D5E29ADD1A900DFD1F1 /* R24 */,
				14371D8A29ADE5E500DFD1F1 /* R35 */,
				14371D9E29AEDEBA00DFD1F1 /* R05 */,
				14371DA929AEE98000DFD1F1 /* R58 */,
				1404BAEA29AF998A00FDDE16 /* R61 */,
				1404BAF529B0283D00FDDE16 /* R03 */,
				1404BB0029B029D600FDDE16 /* R53 */,
				1404BB0B29B02A6900FDDE16 /* R53-2 */,
				1404BB3729B175A500FDDE16 /* R04 */,
				1404BB4229B17BEA00FDDE16 /* R11 */,
				1404BB4D29B17E9100FDDE16 /* R50 */,
				1404BB7929B2CC7F00FDDE16 /* R32 */,
				1404BB8429B2D18F00FDDE16 /* R27 */,
				1404BB8F29B2D32D00FDDE16 /* R32-2 */,
				148C6D0329B45566002F49D2 /* R32-3 */,
				148C6D0E29B45EE6002F49D2 /* R26 */,
				148C6D1929B46138002F49D2 /* R28 */,
				148C6D2429B57006002F49D2 /* R10-I */,
				148C6D2F29B571A2002F49D2 /* R10-II */,
				148C6D3A29B59E38002F49D2 /* R63 */,
				14371CE429AC3A6700DFD1F1 /* Products */,
			);
			sourceTree = "<group>";
		};
		14371CE429AC3A6700DFD1F1 /* Products */ = {
			isa = PBXGroup;
			children = (
				14371CE329AC3A6700DFD1F1 /* jian-zhi-offer */,
				14371CF129AC3A8400DFD1F1 /* R09 */,
				14371CFC29AC3C7800DFD1F1 /* R30 */,
				14371D5229ADCEFE00DFD1F1 /* R06 */,
				14371D5D29ADD1A900DFD1F1 /* R24 */,
				14371D8929ADE5E500DFD1F1 /* R35 */,
				14371D9D29AEDEBA00DFD1F1 /* R05 */,
				14371DA829AEE98000DFD1F1 /* R58 */,
				1404BAE929AF998A00FDDE16 /* R61 */,
				1404BAF429B0283D00FDDE16 /* R03 */,
				1404BAFF29B029D600FDDE16 /* R53 */,
				1404BB0A29B02A6900FDDE16 /* R53-2 */,
				1404BB3629B175A500FDDE16 /* R04 */,
				1404BB4129B17BEA00FDDE16 /* R11 */,
				1404BB4C29B17E9100FDDE16 /* R50 */,
				1404BB7829B2CC7F00FDDE16 /* R32 */,
				1404BB8329B2D18F00FDDE16 /* R27 */,
				1404BB8E29B2D32D00FDDE16 /* R32-2 */,
				148C6D0229B45566002F49D2 /* R32-3 */,
				148C6D0D29B45EE6002F49D2 /* R26 */,
				148C6D1829B46138002F49D2 /* R28 */,
				148C6D2329B57006002F49D2 /* R10-I */,
				148C6D2E29B571A2002F49D2 /* R10-II */,
				148C6D3929B59E37002F49D2 /* R63 */,
			);
			name = Products;
			sourceTree = "<group>";
		};
		14371CE529AC3A6700DFD1F1 /* jian-zhi-offer */ = {
			isa = PBXGroup;
			children = (
				14371CE629AC3A6700DFD1F1 /* main.swift */,
			);
			path = "jian-zhi-offer";
			sourceTree = "<group>";
		};
		14371CF229AC3A8500DFD1F1 /* R09 */ = {
			isa = PBXGroup;
			children = (
				14371CF329AC3A8500DFD1F1 /* main.swift */,
			);
			path = R09;
			sourceTree = "<group>";
		};
		14371CFD29AC3C7800DFD1F1 /* R30 */ = {
			isa = PBXGroup;
			children = (
				14371CFE29AC3C7800DFD1F1 /* main.swift */,
			);
			path = R30;
			sourceTree = "<group>";
		};
		14371D5329ADCEFE00DFD1F1 /* R06 */ = {
			isa = PBXGroup;
			children = (
				14371D5429ADCEFE00DFD1F1 /* main.swift */,
			);
			path = R06;
			sourceTree = "<group>";
		};
		14371D5E29ADD1A900DFD1F1 /* R24 */ = {
			isa = PBXGroup;
			children = (
				14371D5F29ADD1A900DFD1F1 /* main.swift */,
			);
			path = R24;
			sourceTree = "<group>";
		};
		14371D8A29ADE5E500DFD1F1 /* R35 */ = {
			isa = PBXGroup;
			children = (
				14371D8B29ADE5E500DFD1F1 /* main.swift */,
			);
			path = R35;
			sourceTree = "<group>";
		};
		14371D9E29AEDEBA00DFD1F1 /* R05 */ = {
			isa = PBXGroup;
			children = (
				14371D9F29AEDEBA00DFD1F1 /* main.swift */,
			);
			path = R05;
			sourceTree = "<group>";
		};
		14371DA929AEE98000DFD1F1 /* R58 */ = {
			isa = PBXGroup;
			children = (
				14371DAA29AEE98000DFD1F1 /* main.swift */,
			);
			path = R58;
			sourceTree = "<group>";
		};
		148C6D0329B45566002F49D2 /* R32-3 */ = {
			isa = PBXGroup;
			children = (
				148C6D0429B45566002F49D2 /* main.swift */,
			);
			path = "R32-3";
			sourceTree = "<group>";
		};
		148C6D0E29B45EE6002F49D2 /* R26 */ = {
			isa = PBXGroup;
			children = (
				148C6D0F29B45EE6002F49D2 /* main.swift */,
			);
			path = R26;
			sourceTree = "<group>";
		};
		148C6D1929B46138002F49D2 /* R28 */ = {
			isa = PBXGroup;
			children = (
				148C6D1A29B46138002F49D2 /* main.swift */,
			);
			path = R28;
			sourceTree = "<group>";
		};
		148C6D2429B57006002F49D2 /* R10-I */ = {
			isa = PBXGroup;
			children = (
				148C6D2529B57006002F49D2 /* main.swift */,
			);
			path = "R10-I";
			sourceTree = "<group>";
		};
		148C6D2F29B571A2002F49D2 /* R10-II */ = {
			isa = PBXGroup;
			children = (
				148C6D3029B571A2002F49D2 /* main.swift */,
			);
			path = "R10-II";
			sourceTree = "<group>";
		};
		148C6D3A29B59E38002F49D2 /* R63 */ = {
			isa = PBXGroup;
			children = (
				148C6D3B29B59E38002F49D2 /* main.swift */,
			);
			path = R63;
			sourceTree = "<group>";
		};
/* End PBXGroup section */

/* Begin PBXNativeTarget section */
		1404BAE829AF998A00FDDE16 /* R61 */ = {
			isa = PBXNativeTarget;
			buildConfigurationList = 1404BAEF29AF998A00FDDE16 /* Build configuration list for PBXNativeTarget "R61" */;
			buildPhases = (
				1404BAE529AF998A00FDDE16 /* Sources */,
				1404BAE629AF998A00FDDE16 /* Frameworks */,
				1404BAE729AF998A00FDDE16 /* CopyFiles */,
			);
			buildRules = (
			);
			dependencies = (
			);
			name = R61;
			productName = R61;
			productReference = 1404BAE929AF998A00FDDE16 /* R61 */;
			productType = "com.apple.product-type.tool";
		};
		1404BAF329B0283D00FDDE16 /* R03 */ = {
			isa = PBXNativeTarget;
			buildConfigurationList = 1404BAF829B0283D00FDDE16 /* Build configuration list for PBXNativeTarget "R03" */;
			buildPhases = (
				1404BAF029B0283D00FDDE16 /* Sources */,
				1404BAF129B0283D00FDDE16 /* Frameworks */,
				1404BAF229B0283D00FDDE16 /* CopyFiles */,
			);
			buildRules = (
			);
			dependencies = (
			);
			name = R03;
			productName = R03;
			productReference = 1404BAF429B0283D00FDDE16 /* R03 */;
			productType = "com.apple.product-type.tool";
		};
		1404BAFE29B029D600FDDE16 /* R53 */ = {
			isa = PBXNativeTarget;
			buildConfigurationList = 1404BB0329B029D600FDDE16 /* Build configuration list for PBXNativeTarget "R53" */;
			buildPhases = (
				1404BAFB29B029D600FDDE16 /* Sources */,
				1404BAFC29B029D600FDDE16 /* Frameworks */,
				1404BAFD29B029D600FDDE16 /* CopyFiles */,
			);
			buildRules = (
			);
			dependencies = (
			);
			name = R53;
			productName = R53;
			productReference = 1404BAFF29B029D600FDDE16 /* R53 */;
			productType = "com.apple.product-type.tool";
		};
		1404BB0929B02A6900FDDE16 /* R53-2 */ = {
			isa = PBXNativeTarget;
			buildConfigurationList = 1404BB0E29B02A6900FDDE16 /* Build configuration list for PBXNativeTarget "R53-2" */;
			buildPhases = (
				1404BB0629B02A6900FDDE16 /* Sources */,
				1404BB0729B02A6900FDDE16 /* Frameworks */,
				1404BB0829B02A6900FDDE16 /* CopyFiles */,
			);
			buildRules = (
			);
			dependencies = (
			);
			name = "R53-2";
			productName = "R53-2";
			productReference = 1404BB0A29B02A6900FDDE16 /* R53-2 */;
			productType = "com.apple.product-type.tool";
		};
		1404BB3529B175A500FDDE16 /* R04 */ = {
			isa = PBXNativeTarget;
			buildConfigurationList = 1404BB3C29B175A500FDDE16 /* Build configuration list for PBXNativeTarget "R04" */;
			buildPhases = (
				1404BB3229B175A500FDDE16 /* Sources */,
				1404BB3329B175A500FDDE16 /* Frameworks */,
				1404BB3429B175A500FDDE16 /* CopyFiles */,
			);
			buildRules = (
			);
			dependencies = (
			);
			name = R04;
			productName = R04;
			productReference = 1404BB3629B175A500FDDE16 /* R04 */;
			productType = "com.apple.product-type.tool";
		};
		1404BB4029B17BEA00FDDE16 /* R11 */ = {
			isa = PBXNativeTarget;
			buildConfigurationList = 1404BB4529B17BEA00FDDE16 /* Build configuration list for PBXNativeTarget "R11" */;
			buildPhases = (
				1404BB3D29B17BEA00FDDE16 /* Sources */,
				1404BB3E29B17BEA00FDDE16 /* Frameworks */,
				1404BB3F29B17BEA00FDDE16 /* CopyFiles */,
			);
			buildRules = (
			);
			dependencies = (
			);
			name = R11;
			productName = R11;
			productReference = 1404BB4129B17BEA00FDDE16 /* R11 */;
			productType = "com.apple.product-type.tool";
		};
		1404BB4B29B17E9100FDDE16 /* R50 */ = {
			isa = PBXNativeTarget;
			buildConfigurationList = 1404BB5029B17E9100FDDE16 /* Build configuration list for PBXNativeTarget "R50" */;
			buildPhases = (
				1404BB4829B17E9100FDDE16 /* Sources */,
				1404BB4929B17E9100FDDE16 /* Frameworks */,
				1404BB4A29B17E9100FDDE16 /* CopyFiles */,
			);
			buildRules = (
			);
			dependencies = (
			);
			name = R50;
			productName = R50;
			productReference = 1404BB4C29B17E9100FDDE16 /* R50 */;
			productType = "com.apple.product-type.tool";
		};
		1404BB7729B2CC7F00FDDE16 /* R32 */ = {
			isa = PBXNativeTarget;
			buildConfigurationList = 1404BB7E29B2CC7F00FDDE16 /* Build configuration list for PBXNativeTarget "R32" */;
			buildPhases = (
				1404BB7429B2CC7F00FDDE16 /* Sources */,
				1404BB7529B2CC7F00FDDE16 /* Frameworks */,
				1404BB7629B2CC7F00FDDE16 /* CopyFiles */,
			);
			buildRules = (
			);
			dependencies = (
			);
			name = R32;
			productName = R32;
			productReference = 1404BB7829B2CC7F00FDDE16 /* R32 */;
			productType = "com.apple.product-type.tool";
		};
		1404BB8229B2D18F00FDDE16 /* R27 */ = {
			isa = PBXNativeTarget;
			buildConfigurationList = 1404BB8729B2D18F00FDDE16 /* Build configuration list for PBXNativeTarget "R27" */;
			buildPhases = (
				1404BB7F29B2D18F00FDDE16 /* Sources */,
				1404BB8029B2D18F00FDDE16 /* Frameworks */,
				1404BB8129B2D18F00FDDE16 /* CopyFiles */,
			);
			buildRules = (
			);
			dependencies = (
			);
			name = R27;
			productName = R27;
			productReference = 1404BB8329B2D18F00FDDE16 /* R27 */;
			productType = "com.apple.product-type.tool";
		};
		1404BB8D29B2D32D00FDDE16 /* R32-2 */ = {
			isa = PBXNativeTarget;
			buildConfigurationList = 1404BB9229B2D32D00FDDE16 /* Build configuration list for PBXNativeTarget "R32-2" */;
			buildPhases = (
				1404BB8A29B2D32D00FDDE16 /* Sources */,
				1404BB8B29B2D32D00FDDE16 /* Frameworks */,
				1404BB8C29B2D32D00FDDE16 /* CopyFiles */,
			);
			buildRules = (
			);
			dependencies = (
			);
			name = "R32-2";
			productName = "R32-2";
			productReference = 1404BB8E29B2D32D00FDDE16 /* R32-2 */;
			productType = "com.apple.product-type.tool";
		};
		14371CE229AC3A6700DFD1F1 /* jian-zhi-offer */ = {
			isa = PBXNativeTarget;
			buildConfigurationList = 14371CEA29AC3A6700DFD1F1 /* Build configuration list for PBXNativeTarget "jian-zhi-offer" */;
			buildPhases = (
				14371CDF29AC3A6700DFD1F1 /* Sources */,
				14371CE029AC3A6700DFD1F1 /* Frameworks */,
				14371CE129AC3A6700DFD1F1 /* CopyFiles */,
			);
			buildRules = (
			);
			dependencies = (
			);
			name = "jian-zhi-offer";
			productName = "jian-zhi-offer";
			productReference = 14371CE329AC3A6700DFD1F1 /* jian-zhi-offer */;
			productType = "com.apple.product-type.tool";
		};
		14371CF029AC3A8400DFD1F1 /* R09 */ = {
			isa = PBXNativeTarget;
			buildConfigurationList = 14371CF529AC3A8500DFD1F1 /* Build configuration list for PBXNativeTarget "R09" */;
			buildPhases = (
				14371CED29AC3A8400DFD1F1 /* Sources */,
				14371CEE29AC3A8400DFD1F1 /* Frameworks */,
				14371CEF29AC3A8400DFD1F1 /* CopyFiles */,
			);
			buildRules = (
			);
			dependencies = (
			);
			name = R09;
			productName = R09;
			productReference = 14371CF129AC3A8400DFD1F1 /* R09 */;
			productType = "com.apple.product-type.tool";
		};
		14371CFB29AC3C7800DFD1F1 /* R30 */ = {
			isa = PBXNativeTarget;
			buildConfigurationList = 14371D0029AC3C7800DFD1F1 /* Build configuration list for PBXNativeTarget "R30" */;
			buildPhases = (
				14371CF829AC3C7800DFD1F1 /* Sources */,
				14371CF929AC3C7800DFD1F1 /* Frameworks */,
				14371CFA29AC3C7800DFD1F1 /* CopyFiles */,
			);
			buildRules = (
			);
			dependencies = (
			);
			name = R30;
			productName = R30;
			productReference = 14371CFC29AC3C7800DFD1F1 /* R30 */;
			productType = "com.apple.product-type.tool";
		};
		14371D5129ADCEFE00DFD1F1 /* R06 */ = {
			isa = PBXNativeTarget;
			buildConfigurationList = 14371D5829ADCEFE00DFD1F1 /* Build configuration list for PBXNativeTarget "R06" */;
			buildPhases = (
				14371D4E29ADCEFE00DFD1F1 /* Sources */,
				14371D4F29ADCEFE00DFD1F1 /* Frameworks */,
				14371D5029ADCEFE00DFD1F1 /* CopyFiles */,
			);
			buildRules = (
			);
			dependencies = (
			);
			name = R06;
			productName = R06;
			productReference = 14371D5229ADCEFE00DFD1F1 /* R06 */;
			productType = "com.apple.product-type.tool";
		};
		14371D5C29ADD1A900DFD1F1 /* R24 */ = {
			isa = PBXNativeTarget;
			buildConfigurationList = 14371D6129ADD1A900DFD1F1 /* Build configuration list for PBXNativeTarget "R24" */;
			buildPhases = (
				14371D5929ADD1A900DFD1F1 /* Sources */,
				14371D5A29ADD1A900DFD1F1 /* Frameworks */,
				14371D5B29ADD1A900DFD1F1 /* CopyFiles */,
			);
			buildRules = (
			);
			dependencies = (
			);
			name = R24;
			productName = R24;
			productReference = 14371D5D29ADD1A900DFD1F1 /* R24 */;
			productType = "com.apple.product-type.tool";
		};
		14371D8829ADE5E500DFD1F1 /* R35 */ = {
			isa = PBXNativeTarget;
			buildConfigurationList = 14371D8D29ADE5E500DFD1F1 /* Build configuration list for PBXNativeTarget "R35" */;
			buildPhases = (
				14371D8529ADE5E500DFD1F1 /* Sources */,
				14371D8629ADE5E500DFD1F1 /* Frameworks */,
				14371D8729ADE5E500DFD1F1 /* CopyFiles */,
			);
			buildRules = (
			);
			dependencies = (
			);
			name = R35;
			productName = R35;
			productReference = 14371D8929ADE5E500DFD1F1 /* R35 */;
			productType = "com.apple.product-type.tool";
		};
		14371D9C29AEDEBA00DFD1F1 /* R05 */ = {
			isa = PBXNativeTarget;
			buildConfigurationList = 14371DA329AEDEBA00DFD1F1 /* Build configuration list for PBXNativeTarget "R05" */;
			buildPhases = (
				14371D9929AEDEBA00DFD1F1 /* Sources */,
				14371D9A29AEDEBA00DFD1F1 /* Frameworks */,
				14371D9B29AEDEBA00DFD1F1 /* CopyFiles */,
			);
			buildRules = (
			);
			dependencies = (
			);
			name = R05;
			productName = R05;
			productReference = 14371D9D29AEDEBA00DFD1F1 /* R05 */;
			productType = "com.apple.product-type.tool";
		};
		14371DA729AEE98000DFD1F1 /* R58 */ = {
			isa = PBXNativeTarget;
			buildConfigurationList = 14371DAC29AEE98000DFD1F1 /* Build configuration list for PBXNativeTarget "R58" */;
			buildPhases = (
				14371DA429AEE98000DFD1F1 /* Sources */,
				14371DA529AEE98000DFD1F1 /* Frameworks */,
				14371DA629AEE98000DFD1F1 /* CopyFiles */,
			);
			buildRules = (
			);
			dependencies = (
			);
			name = R58;
			productName = R58;
			productReference = 14371DA829AEE98000DFD1F1 /* R58 */;
			productType = "com.apple.product-type.tool";
		};
		148C6D0129B45566002F49D2 /* R32-3 */ = {
			isa = PBXNativeTarget;
			buildConfigurationList = 148C6D0829B45566002F49D2 /* Build configuration list for PBXNativeTarget "R32-3" */;
			buildPhases = (
				148C6CFE29B45566002F49D2 /* Sources */,
				148C6CFF29B45566002F49D2 /* Frameworks */,
				148C6D0029B45566002F49D2 /* CopyFiles */,
			);
			buildRules = (
			);
			dependencies = (
			);
			name = "R32-3";
			productName = "R32-3";
			productReference = 148C6D0229B45566002F49D2 /* R32-3 */;
			productType = "com.apple.product-type.tool";
		};
		148C6D0C29B45EE6002F49D2 /* R26 */ = {
			isa = PBXNativeTarget;
			buildConfigurationList = 148C6D1129B45EE6002F49D2 /* Build configuration list for PBXNativeTarget "R26" */;
			buildPhases = (
				148C6D0929B45EE6002F49D2 /* Sources */,
				148C6D0A29B45EE6002F49D2 /* Frameworks */,
				148C6D0B29B45EE6002F49D2 /* CopyFiles */,
			);
			buildRules = (
			);
			dependencies = (
			);
			name = R26;
			productName = R26;
			productReference = 148C6D0D29B45EE6002F49D2 /* R26 */;
			productType = "com.apple.product-type.tool";
		};
		148C6D1729B46138002F49D2 /* R28 */ = {
			isa = PBXNativeTarget;
			buildConfigurationList = 148C6D1C29B46138002F49D2 /* Build configuration list for PBXNativeTarget "R28" */;
			buildPhases = (
				148C6D1429B46138002F49D2 /* Sources */,
				148C6D1529B46138002F49D2 /* Frameworks */,
				148C6D1629B46138002F49D2 /* CopyFiles */,
			);
			buildRules = (
			);
			dependencies = (
			);
			name = R28;
			productName = R28;
			productReference = 148C6D1829B46138002F49D2 /* R28 */;
			productType = "com.apple.product-type.tool";
		};
		148C6D2229B57006002F49D2 /* R10-I */ = {
			isa = PBXNativeTarget;
			buildConfigurationList = 148C6D2929B57006002F49D2 /* Build configuration list for PBXNativeTarget "R10-I" */;
			buildPhases = (
				148C6D1F29B57006002F49D2 /* Sources */,
				148C6D2029B57006002F49D2 /* Frameworks */,
				148C6D2129B57006002F49D2 /* CopyFiles */,
			);
			buildRules = (
			);
			dependencies = (
			);
			name = "R10-I";
			productName = "R10-I";
			productReference = 148C6D2329B57006002F49D2 /* R10-I */;
			productType = "com.apple.product-type.tool";
		};
		148C6D2D29B571A2002F49D2 /* R10-II */ = {
			isa = PBXNativeTarget;
			buildConfigurationList = 148C6D3229B571A2002F49D2 /* Build configuration list for PBXNativeTarget "R10-II" */;
			buildPhases = (
				148C6D2A29B571A2002F49D2 /* Sources */,
				148C6D2B29B571A2002F49D2 /* Frameworks */,
				148C6D2C29B571A2002F49D2 /* CopyFiles */,
			);
			buildRules = (
			);
			dependencies = (
			);
			name = "R10-II";
			productName = "R10-II";
			productReference = 148C6D2E29B571A2002F49D2 /* R10-II */;
			productType = "com.apple.product-type.tool";
		};
		148C6D3829B59E37002F49D2 /* R63 */ = {
			isa = PBXNativeTarget;
			buildConfigurationList = 148C6D3D29B59E38002F49D2 /* Build configuration list for PBXNativeTarget "R63" */;
			buildPhases = (
				148C6D3529B59E37002F49D2 /* Sources */,
				148C6D3629B59E37002F49D2 /* Frameworks */,
				148C6D3729B59E37002F49D2 /* CopyFiles */,
			);
			buildRules = (
			);
			dependencies = (
			);
			name = R63;
			productName = R63;
			productReference = 148C6D3929B59E37002F49D2 /* R63 */;
			productType = "com.apple.product-type.tool";
		};
/* End PBXNativeTarget section */

/* Begin PBXProject section */
		14371CDB29AC3A6700DFD1F1 /* Project object */ = {
			isa = PBXProject;
			attributes = {
				BuildIndependentTargetsInParallel = 1;
				LastSwiftUpdateCheck = 1410;
				LastUpgradeCheck = 1410;
				TargetAttributes = {
					1404BAE829AF998A00FDDE16 = {
						CreatedOnToolsVersion = 14.1;
					};
					1404BAF329B0283D00FDDE16 = {
						CreatedOnToolsVersion = 14.1;
					};
					1404BAFE29B029D600FDDE16 = {
						CreatedOnToolsVersion = 14.1;
					};
					1404BB0929B02A6900FDDE16 = {
						CreatedOnToolsVersion = 14.1;
					};
					1404BB3529B175A500FDDE16 = {
						CreatedOnToolsVersion = 14.1;
					};
					1404BB4029B17BEA00FDDE16 = {
						CreatedOnToolsVersion = 14.1;
					};
					1404BB4B29B17E9100FDDE16 = {
						CreatedOnToolsVersion = 14.1;
					};
					1404BB7729B2CC7F00FDDE16 = {
						CreatedOnToolsVersion = 14.1;
					};
					1404BB8229B2D18F00FDDE16 = {
						CreatedOnToolsVersion = 14.1;
					};
					1404BB8D29B2D32D00FDDE16 = {
						CreatedOnToolsVersion = 14.1;
					};
					14371CE229AC3A6700DFD1F1 = {
						CreatedOnToolsVersion = 14.1;
					};
					14371CF029AC3A8400DFD1F1 = {
						CreatedOnToolsVersion = 14.1;
					};
					14371CFB29AC3C7800DFD1F1 = {
						CreatedOnToolsVersion = 14.1;
					};
					14371D5129ADCEFE00DFD1F1 = {
						CreatedOnToolsVersion = 14.1;
					};
					14371D5C29ADD1A900DFD1F1 = {
						CreatedOnToolsVersion = 14.1;
					};
					14371D8829ADE5E500DFD1F1 = {
						CreatedOnToolsVersion = 14.1;
					};
					14371D9C29AEDEBA00DFD1F1 = {
						CreatedOnToolsVersion = 14.1;
					};
					14371DA729AEE98000DFD1F1 = {
						CreatedOnToolsVersion = 14.1;
					};
					148C6D0129B45566002F49D2 = {
						CreatedOnToolsVersion = 14.1;
					};
					148C6D0C29B45EE6002F49D2 = {
						CreatedOnToolsVersion = 14.1;
					};
					148C6D1729B46138002F49D2 = {
						CreatedOnToolsVersion = 14.1;
					};
					148C6D2229B57006002F49D2 = {
						CreatedOnToolsVersion = 14.1;
					};
					148C6D2D29B571A2002F49D2 = {
						CreatedOnToolsVersion = 14.1;
					};
					148C6D3829B59E37002F49D2 = {
						CreatedOnToolsVersion = 14.1;
					};
				};
			};
			buildConfigurationList = 14371CDE29AC3A6700DFD1F1 /* Build configuration list for PBXProject "jian-zhi-offer" */;
			compatibilityVersion = "Xcode 14.0";
			developmentRegion = en;
			hasScannedForEncodings = 0;
			knownRegions = (
				en,
				Base,
			);
			mainGroup = 14371CDA29AC3A6700DFD1F1;
			productRefGroup = 14371CE429AC3A6700DFD1F1 /* Products */;
			projectDirPath = "";
			projectRoot = "";
			targets = (
				14371CE229AC3A6700DFD1F1 /* jian-zhi-offer */,
				14371CF029AC3A8400DFD1F1 /* R09 */,
				14371CFB29AC3C7800DFD1F1 /* R30 */,
				14371D5129ADCEFE00DFD1F1 /* R06 */,
				14371D5C29ADD1A900DFD1F1 /* R24 */,
				14371D8829ADE5E500DFD1F1 /* R35 */,
				14371D9C29AEDEBA00DFD1F1 /* R05 */,
				14371DA729AEE98000DFD1F1 /* R58 */,
				1404BAE829AF998A00FDDE16 /* R61 */,
				1404BAF329B0283D00FDDE16 /* R03 */,
				1404BAFE29B029D600FDDE16 /* R53 */,
				1404BB0929B02A6900FDDE16 /* R53-2 */,
				1404BB3529B175A500FDDE16 /* R04 */,
				1404BB4029B17BEA00FDDE16 /* R11 */,
				1404BB4B29B17E9100FDDE16 /* R50 */,
				1404BB7729B2CC7F00FDDE16 /* R32 */,
				1404BB8229B2D18F00FDDE16 /* R27 */,
				1404BB8D29B2D32D00FDDE16 /* R32-2 */,
				148C6D0129B45566002F49D2 /* R32-3 */,
				148C6D0C29B45EE6002F49D2 /* R26 */,
				148C6D1729B46138002F49D2 /* R28 */,
				148C6D2229B57006002F49D2 /* R10-I */,
				148C6D2D29B571A2002F49D2 /* R10-II */,
				148C6D3829B59E37002F49D2 /* R63 */,
			);
		};
/* End PBXProject section */

/* Begin PBXSourcesBuildPhase section */
		1404BAE529AF998A00FDDE16 /* Sources */ = {
			isa = PBXSourcesBuildPhase;
			buildActionMask = 2147483647;
			files = (
				1404BAEC29AF998A00FDDE16 /* main.swift in Sources */,
			);
			runOnlyForDeploymentPostprocessing = 0;
		};
		1404BAF029B0283D00FDDE16 /* Sources */ = {
			isa = PBXSourcesBuildPhase;
			buildActionMask = 2147483647;
			files = (
				1404BAF729B0283D00FDDE16 /* main.swift in Sources */,
			);
			runOnlyForDeploymentPostprocessing = 0;
		};
		1404BAFB29B029D600FDDE16 /* Sources */ = {
			isa = PBXSourcesBuildPhase;
			buildActionMask = 2147483647;
			files = (
				1404BB0229B029D600FDDE16 /* main.swift in Sources */,
			);
			runOnlyForDeploymentPostprocessing = 0;
		};
		1404BB0629B02A6900FDDE16 /* Sources */ = {
			isa = PBXSourcesBuildPhase;
			buildActionMask = 2147483647;
			files = (
				1404BB0D29B02A6900FDDE16 /* main.swift in Sources */,
			);
			runOnlyForDeploymentPostprocessing = 0;
		};
		1404BB3229B175A500FDDE16 /* Sources */ = {
			isa = PBXSourcesBuildPhase;
			buildActionMask = 2147483647;
			files = (
				1404BB3929B175A500FDDE16 /* main.swift in Sources */,
			);
			runOnlyForDeploymentPostprocessing = 0;
		};
		1404BB3D29B17BEA00FDDE16 /* Sources */ = {
			isa = PBXSourcesBuildPhase;
			buildActionMask = 2147483647;
			files = (
				1404BB4429B17BEA00FDDE16 /* main.swift in Sources */,
			);
			runOnlyForDeploymentPostprocessing = 0;
		};
		1404BB4829B17E9100FDDE16 /* Sources */ = {
			isa = PBXSourcesBuildPhase;
			buildActionMask = 2147483647;
			files = (
				1404BB4F29B17E9100FDDE16 /* main.swift in Sources */,
			);
			runOnlyForDeploymentPostprocessing = 0;
		};
		1404BB7429B2CC7F00FDDE16 /* Sources */ = {
			isa = PBXSourcesBuildPhase;
			buildActionMask = 2147483647;
			files = (
				1404BB7B29B2CC7F00FDDE16 /* main.swift in Sources */,
			);
			runOnlyForDeploymentPostprocessing = 0;
		};
		1404BB7F29B2D18F00FDDE16 /* Sources */ = {
			isa = PBXSourcesBuildPhase;
			buildActionMask = 2147483647;
			files = (
				1404BB8629B2D18F00FDDE16 /* main.swift in Sources */,
			);
			runOnlyForDeploymentPostprocessing = 0;
		};
		1404BB8A29B2D32D00FDDE16 /* Sources */ = {
			isa = PBXSourcesBuildPhase;
			buildActionMask = 2147483647;
			files = (
				1404BB9129B2D32D00FDDE16 /* main.swift in Sources */,
			);
			runOnlyForDeploymentPostprocessing = 0;
		};
		14371CDF29AC3A6700DFD1F1 /* Sources */ = {
			isa = PBXSourcesBuildPhase;
			buildActionMask = 2147483647;
			files = (
				14371CE729AC3A6700DFD1F1 /* main.swift in Sources */,
			);
			runOnlyForDeploymentPostprocessing = 0;
		};
		14371CED29AC3A8400DFD1F1 /* Sources */ = {
			isa = PBXSourcesBuildPhase;
			buildActionMask = 2147483647;
			files = (
				14371CF429AC3A8500DFD1F1 /* main.swift in Sources */,
			);
			runOnlyForDeploymentPostprocessing = 0;
		};
		14371CF829AC3C7800DFD1F1 /* Sources */ = {
			isa = PBXSourcesBuildPhase;
			buildActionMask = 2147483647;
			files = (
				14371CFF29AC3C7800DFD1F1 /* main.swift in Sources */,
			);
			runOnlyForDeploymentPostprocessing = 0;
		};
		14371D4E29ADCEFE00DFD1F1 /* Sources */ = {
			isa = PBXSourcesBuildPhase;
			buildActionMask = 2147483647;
			files = (
				14371D5529ADCEFE00DFD1F1 /* main.swift in Sources */,
			);
			runOnlyForDeploymentPostprocessing = 0;
		};
		14371D5929ADD1A900DFD1F1 /* Sources */ = {
			isa = PBXSourcesBuildPhase;
			buildActionMask = 2147483647;
			files = (
				14371D6029ADD1A900DFD1F1 /* main.swift in Sources */,
			);
			runOnlyForDeploymentPostprocessing = 0;
		};
		14371D8529ADE5E500DFD1F1 /* Sources */ = {
			isa = PBXSourcesBuildPhase;
			buildActionMask = 2147483647;
			files = (
				14371D8C29ADE5E500DFD1F1 /* main.swift in Sources */,
			);
			runOnlyForDeploymentPostprocessing = 0;
		};
		14371D9929AEDEBA00DFD1F1 /* Sources */ = {
			isa = PBXSourcesBuildPhase;
			buildActionMask = 2147483647;
			files = (
				14371DA029AEDEBA00DFD1F1 /* main.swift in Sources */,
			);
			runOnlyForDeploymentPostprocessing = 0;
		};
		14371DA429AEE98000DFD1F1 /* Sources */ = {
			isa = PBXSourcesBuildPhase;
			buildActionMask = 2147483647;
			files = (
				14371DAB29AEE98000DFD1F1 /* main.swift in Sources */,
			);
			runOnlyForDeploymentPostprocessing = 0;
		};
		148C6CFE29B45566002F49D2 /* Sources */ = {
			isa = PBXSourcesBuildPhase;
			buildActionMask = 2147483647;
			files = (
				148C6D0529B45566002F49D2 /* main.swift in Sources */,
			);
			runOnlyForDeploymentPostprocessing = 0;
		};
		148C6D0929B45EE6002F49D2 /* Sources */ = {
			isa = PBXSourcesBuildPhase;
			buildActionMask = 2147483647;
			files = (
				148C6D1029B45EE6002F49D2 /* main.swift in Sources */,
			);
			runOnlyForDeploymentPostprocessing = 0;
		};
		148C6D1429B46138002F49D2 /* Sources */ = {
			isa = PBXSourcesBuildPhase;
			buildActionMask = 2147483647;
			files = (
				148C6D1B29B46138002F49D2 /* main.swift in Sources */,
			);
			runOnlyForDeploymentPostprocessing = 0;
		};
		148C6D1F29B57006002F49D2 /* Sources */ = {
			isa = PBXSourcesBuildPhase;
			buildActionMask = 2147483647;
			files = (
				148C6D2629B57006002F49D2 /* main.swift in Sources */,
			);
			runOnlyForDeploymentPostprocessing = 0;
		};
		148C6D2A29B571A2002F49D2 /* Sources */ = {
			isa = PBXSourcesBuildPhase;
			buildActionMask = 2147483647;
			files = (
				148C6D3129B571A2002F49D2 /* main.swift in Sources */,
			);
			runOnlyForDeploymentPostprocessing = 0;
		};
		148C6D3529B59E37002F49D2 /* Sources */ = {
			isa = PBXSourcesBuildPhase;
			buildActionMask = 2147483647;
			files = (
				148C6D3C29B59E38002F49D2 /* main.swift in Sources */,
			);
			runOnlyForDeploymentPostprocessing = 0;
		};
/* End PBXSourcesBuildPhase section */

/* Begin XCBuildConfiguration section */
		1404BAED29AF998A00FDDE16 /* Debug */ = {
			isa = XCBuildConfiguration;
			buildSettings = {
				CODE_SIGN_STYLE = Automatic;
				DEVELOPMENT_TEAM = 727CVV9PLJ;
				ENABLE_HARDENED_RUNTIME = YES;
				PRODUCT_NAME = "$(TARGET_NAME)";
				SWIFT_VERSION = 5.0;
			};
			name = Debug;
		};
		1404BAEE29AF998A00FDDE16 /* Release */ = {
			isa = XCBuildConfiguration;
			buildSettings = {
				CODE_SIGN_STYLE = Automatic;
				DEVELOPMENT_TEAM = 727CVV9PLJ;
				ENABLE_HARDENED_RUNTIME = YES;
				PRODUCT_NAME = "$(TARGET_NAME)";
				SWIFT_VERSION = 5.0;
			};
			name = Release;
		};
		1404BAF929B0283D00FDDE16 /* Debug */ = {
			isa = XCBuildConfiguration;
			buildSettings = {
				CODE_SIGN_STYLE = Automatic;
				DEVELOPMENT_TEAM = 727CVV9PLJ;
				ENABLE_HARDENED_RUNTIME = YES;
				PRODUCT_NAME = "$(TARGET_NAME)";
				SWIFT_VERSION = 5.0;
			};
			name = Debug;
		};
		1404BAFA29B0283D00FDDE16 /* Release */ = {
			isa = XCBuildConfiguration;
			buildSettings = {
				CODE_SIGN_STYLE = Automatic;
				DEVELOPMENT_TEAM = 727CVV9PLJ;
				ENABLE_HARDENED_RUNTIME = YES;
				PRODUCT_NAME = "$(TARGET_NAME)";
				SWIFT_VERSION = 5.0;
			};
			name = Release;
		};
		1404BB0429B029D600FDDE16 /* Debug */ = {
			isa = XCBuildConfiguration;
			buildSettings = {
				CODE_SIGN_STYLE = Automatic;
				DEVELOPMENT_TEAM = 727CVV9PLJ;
				ENABLE_HARDENED_RUNTIME = YES;
				PRODUCT_NAME = "$(TARGET_NAME)";
				SWIFT_VERSION = 5.0;
			};
			name = Debug;
		};
		1404BB0529B029D600FDDE16 /* Release */ = {
			isa = XCBuildConfiguration;
			buildSettings = {
				CODE_SIGN_STYLE = Automatic;
				DEVELOPMENT_TEAM = 727CVV9PLJ;
				ENABLE_HARDENED_RUNTIME = YES;
				PRODUCT_NAME = "$(TARGET_NAME)";
				SWIFT_VERSION = 5.0;
			};
			name = Release;
		};
		1404BB0F29B02A6900FDDE16 /* Debug */ = {
			isa = XCBuildConfiguration;
			buildSettings = {
				CODE_SIGN_STYLE = Automatic;
				DEVELOPMENT_TEAM = 727CVV9PLJ;
				ENABLE_HARDENED_RUNTIME = YES;
				PRODUCT_NAME = "$(TARGET_NAME)";
				SWIFT_VERSION = 5.0;
			};
			name = Debug;
		};
		1404BB1029B02A6900FDDE16 /* Release */ = {
			isa = XCBuildConfiguration;
			buildSettings = {
				CODE_SIGN_STYLE = Automatic;
				DEVELOPMENT_TEAM = 727CVV9PLJ;
				ENABLE_HARDENED_RUNTIME = YES;
				PRODUCT_NAME = "$(TARGET_NAME)";
				SWIFT_VERSION = 5.0;
			};
			name = Release;
		};
		1404BB3A29B175A500FDDE16 /* Debug */ = {
			isa = XCBuildConfiguration;
			buildSettings = {
				CODE_SIGN_STYLE = Automatic;
				DEVELOPMENT_TEAM = 727CVV9PLJ;
				ENABLE_HARDENED_RUNTIME = YES;
				PRODUCT_NAME = "$(TARGET_NAME)";
				SWIFT_VERSION = 5.0;
			};
			name = Debug;
		};
		1404BB3B29B175A500FDDE16 /* Release */ = {
			isa = XCBuildConfiguration;
			buildSettings = {
				CODE_SIGN_STYLE = Automatic;
				DEVELOPMENT_TEAM = 727CVV9PLJ;
				ENABLE_HARDENED_RUNTIME = YES;
				PRODUCT_NAME = "$(TARGET_NAME)";
				SWIFT_VERSION = 5.0;
			};
			name = Release;
		};
		1404BB4629B17BEA00FDDE16 /* Debug */ = {
			isa = XCBuildConfiguration;
			buildSettings = {
				CODE_SIGN_STYLE = Automatic;
				DEVELOPMENT_TEAM = 727CVV9PLJ;
				ENABLE_HARDENED_RUNTIME = YES;
				PRODUCT_NAME = "$(TARGET_NAME)";
				SWIFT_VERSION = 5.0;
			};
			name = Debug;
		};
		1404BB4729B17BEA00FDDE16 /* Release */ = {
			isa = XCBuildConfiguration;
			buildSettings = {
				CODE_SIGN_STYLE = Automatic;
				DEVELOPMENT_TEAM = 727CVV9PLJ;
				ENABLE_HARDENED_RUNTIME = YES;
				PRODUCT_NAME = "$(TARGET_NAME)";
				SWIFT_VERSION = 5.0;
			};
			name = Release;
		};
		1404BB5129B17E9100FDDE16 /* Debug */ = {
			isa = XCBuildConfiguration;
			buildSettings = {
				CODE_SIGN_STYLE = Automatic;
				DEVELOPMENT_TEAM = 727CVV9PLJ;
				ENABLE_HARDENED_RUNTIME = YES;
				PRODUCT_NAME = "$(TARGET_NAME)";
				SWIFT_VERSION = 5.0;
			};
			name = Debug;
		};
		1404BB5229B17E9100FDDE16 /* Release */ = {
			isa = XCBuildConfiguration;
			buildSettings = {
				CODE_SIGN_STYLE = Automatic;
				DEVELOPMENT_TEAM = 727CVV9PLJ;
				ENABLE_HARDENED_RUNTIME = YES;
				PRODUCT_NAME = "$(TARGET_NAME)";
				SWIFT_VERSION = 5.0;
			};
			name = Release;
		};
		1404BB7C29B2CC7F00FDDE16 /* Debug */ = {
			isa = XCBuildConfiguration;
			buildSettings = {
				CODE_SIGN_STYLE = Automatic;
				DEVELOPMENT_TEAM = 727CVV9PLJ;
				ENABLE_HARDENED_RUNTIME = YES;
				PRODUCT_NAME = "$(TARGET_NAME)";
				SWIFT_VERSION = 5.0;
			};
			name = Debug;
		};
		1404BB7D29B2CC7F00FDDE16 /* Release */ = {
			isa = XCBuildConfiguration;
			buildSettings = {
				CODE_SIGN_STYLE = Automatic;
				DEVELOPMENT_TEAM = 727CVV9PLJ;
				ENABLE_HARDENED_RUNTIME = YES;
				PRODUCT_NAME = "$(TARGET_NAME)";
				SWIFT_VERSION = 5.0;
			};
			name = Release;
		};
		1404BB8829B2D18F00FDDE16 /* Debug */ = {
			isa = XCBuildConfiguration;
			buildSettings = {
				CODE_SIGN_STYLE = Automatic;
				DEVELOPMENT_TEAM = 727CVV9PLJ;
				ENABLE_HARDENED_RUNTIME = YES;
				PRODUCT_NAME = "$(TARGET_NAME)";
				SWIFT_VERSION = 5.0;
			};
			name = Debug;
		};
		1404BB8929B2D18F00FDDE16 /* Release */ = {
			isa = XCBuildConfiguration;
			buildSettings = {
				CODE_SIGN_STYLE = Automatic;
				DEVELOPMENT_TEAM = 727CVV9PLJ;
				ENABLE_HARDENED_RUNTIME = YES;
				PRODUCT_NAME = "$(TARGET_NAME)";
				SWIFT_VERSION = 5.0;
			};
			name = Release;
		};
		1404BB9329B2D32D00FDDE16 /* Debug */ = {
			isa = XCBuildConfiguration;
			buildSettings = {
				CODE_SIGN_STYLE = Automatic;
				DEVELOPMENT_TEAM = 727CVV9PLJ;
				ENABLE_HARDENED_RUNTIME = YES;
				PRODUCT_NAME = "$(TARGET_NAME)";
				SWIFT_VERSION = 5.0;
			};
			name = Debug;
		};
		1404BB9429B2D32D00FDDE16 /* Release */ = {
			isa = XCBuildConfiguration;
			buildSettings = {
				CODE_SIGN_STYLE = Automatic;
				DEVELOPMENT_TEAM = 727CVV9PLJ;
				ENABLE_HARDENED_RUNTIME = YES;
				PRODUCT_NAME = "$(TARGET_NAME)";
				SWIFT_VERSION = 5.0;
			};
			name = Release;
		};
		14371CE829AC3A6700DFD1F1 /* Debug */ = {
			isa = XCBuildConfiguration;
			buildSettings = {
				ALWAYS_SEARCH_USER_PATHS = NO;
				CLANG_ANALYZER_NONNULL = YES;
				CLANG_ANALYZER_NUMBER_OBJECT_CONVERSION = YES_AGGRESSIVE;
				CLANG_CXX_LANGUAGE_STANDARD = "gnu++20";
				CLANG_ENABLE_MODULES = YES;
				CLANG_ENABLE_OBJC_ARC = YES;
				CLANG_ENABLE_OBJC_WEAK = YES;
				CLANG_WARN_BLOCK_CAPTURE_AUTORELEASING = YES;
				CLANG_WARN_BOOL_CONVERSION = YES;
				CLANG_WARN_COMMA = YES;
				CLANG_WARN_CONSTANT_CONVERSION = YES;
				CLANG_WARN_DEPRECATED_OBJC_IMPLEMENTATIONS = YES;
				CLANG_WARN_DIRECT_OBJC_ISA_USAGE = YES_ERROR;
				CLANG_WARN_DOCUMENTATION_COMMENTS = YES;
				CLANG_WARN_EMPTY_BODY = YES;
				CLANG_WARN_ENUM_CONVERSION = YES;
				CLANG_WARN_INFINITE_RECURSION = YES;
				CLANG_WARN_INT_CONVERSION = YES;
				CLANG_WARN_NON_LITERAL_NULL_CONVERSION = YES;
				CLANG_WARN_OBJC_IMPLICIT_RETAIN_SELF = YES;
				CLANG_WARN_OBJC_LITERAL_CONVERSION = YES;
				CLANG_WARN_OBJC_ROOT_CLASS = YES_ERROR;
				CLANG_WARN_QUOTED_INCLUDE_IN_FRAMEWORK_HEADER = YES;
				CLANG_WARN_RANGE_LOOP_ANALYSIS = YES;
				CLANG_WARN_STRICT_PROTOTYPES = YES;
				CLANG_WARN_SUSPICIOUS_MOVE = YES;
				CLANG_WARN_UNGUARDED_AVAILABILITY = YES_AGGRESSIVE;
				CLANG_WARN_UNREACHABLE_CODE = YES;
				CLANG_WARN__DUPLICATE_METHOD_MATCH = YES;
				COPY_PHASE_STRIP = NO;
				DEBUG_INFORMATION_FORMAT = dwarf;
				ENABLE_STRICT_OBJC_MSGSEND = YES;
				ENABLE_TESTABILITY = YES;
				GCC_C_LANGUAGE_STANDARD = gnu11;
				GCC_DYNAMIC_NO_PIC = NO;
				GCC_NO_COMMON_BLOCKS = YES;
				GCC_OPTIMIZATION_LEVEL = 0;
				GCC_PREPROCESSOR_DEFINITIONS = (
					"DEBUG=1",
					"$(inherited)",
				);
				GCC_WARN_64_TO_32_BIT_CONVERSION = YES;
				GCC_WARN_ABOUT_RETURN_TYPE = YES_ERROR;
				GCC_WARN_UNDECLARED_SELECTOR = YES;
				GCC_WARN_UNINITIALIZED_AUTOS = YES_AGGRESSIVE;
				GCC_WARN_UNUSED_FUNCTION = YES;
				GCC_WARN_UNUSED_VARIABLE = YES;
				MACOSX_DEPLOYMENT_TARGET = 13.0;
				MTL_ENABLE_DEBUG_INFO = INCLUDE_SOURCE;
				MTL_FAST_MATH = YES;
				ONLY_ACTIVE_ARCH = YES;
				SDKROOT = macosx;
				SWIFT_ACTIVE_COMPILATION_CONDITIONS = DEBUG;
				SWIFT_OPTIMIZATION_LEVEL = "-Onone";
			};
			name = Debug;
		};
		14371CE929AC3A6700DFD1F1 /* Release */ = {
			isa = XCBuildConfiguration;
			buildSettings = {
				ALWAYS_SEARCH_USER_PATHS = NO;
				CLANG_ANALYZER_NONNULL = YES;
				CLANG_ANALYZER_NUMBER_OBJECT_CONVERSION = YES_AGGRESSIVE;
				CLANG_CXX_LANGUAGE_STANDARD = "gnu++20";
				CLANG_ENABLE_MODULES = YES;
				CLANG_ENABLE_OBJC_ARC = YES;
				CLANG_ENABLE_OBJC_WEAK = YES;
				CLANG_WARN_BLOCK_CAPTURE_AUTORELEASING = YES;
				CLANG_WARN_BOOL_CONVERSION = YES;
				CLANG_WARN_COMMA = YES;
				CLANG_WARN_CONSTANT_CONVERSION = YES;
				CLANG_WARN_DEPRECATED_OBJC_IMPLEMENTATIONS = YES;
				CLANG_WARN_DIRECT_OBJC_ISA_USAGE = YES_ERROR;
				CLANG_WARN_DOCUMENTATION_COMMENTS = YES;
				CLANG_WARN_EMPTY_BODY = YES;
				CLANG_WARN_ENUM_CONVERSION = YES;
				CLANG_WARN_INFINITE_RECURSION = YES;
				CLANG_WARN_INT_CONVERSION = YES;
				CLANG_WARN_NON_LITERAL_NULL_CONVERSION = YES;
				CLANG_WARN_OBJC_IMPLICIT_RETAIN_SELF = YES;
				CLANG_WARN_OBJC_LITERAL_CONVERSION = YES;
				CLANG_WARN_OBJC_ROOT_CLASS = YES_ERROR;
				CLANG_WARN_QUOTED_INCLUDE_IN_FRAMEWORK_HEADER = YES;
				CLANG_WARN_RANGE_LOOP_ANALYSIS = YES;
				CLANG_WARN_STRICT_PROTOTYPES = YES;
				CLANG_WARN_SUSPICIOUS_MOVE = YES;
				CLANG_WARN_UNGUARDED_AVAILABILITY = YES_AGGRESSIVE;
				CLANG_WARN_UNREACHABLE_CODE = YES;
				CLANG_WARN__DUPLICATE_METHOD_MATCH = YES;
				COPY_PHASE_STRIP = NO;
				DEBUG_INFORMATION_FORMAT = "dwarf-with-dsym";
				ENABLE_NS_ASSERTIONS = NO;
				ENABLE_STRICT_OBJC_MSGSEND = YES;
				GCC_C_LANGUAGE_STANDARD = gnu11;
				GCC_NO_COMMON_BLOCKS = YES;
				GCC_WARN_64_TO_32_BIT_CONVERSION = YES;
				GCC_WARN_ABOUT_RETURN_TYPE = YES_ERROR;
				GCC_WARN_UNDECLARED_SELECTOR = YES;
				GCC_WARN_UNINITIALIZED_AUTOS = YES_AGGRESSIVE;
				GCC_WARN_UNUSED_FUNCTION = YES;
				GCC_WARN_UNUSED_VARIABLE = YES;
				MACOSX_DEPLOYMENT_TARGET = 13.0;
				MTL_ENABLE_DEBUG_INFO = NO;
				MTL_FAST_MATH = YES;
				SDKROOT = macosx;
				SWIFT_COMPILATION_MODE = wholemodule;
				SWIFT_OPTIMIZATION_LEVEL = "-O";
			};
			name = Release;
		};
		14371CEB29AC3A6700DFD1F1 /* Debug */ = {
			isa = XCBuildConfiguration;
			buildSettings = {
				CODE_SIGN_STYLE = Automatic;
				DEVELOPMENT_TEAM = 727CVV9PLJ;
				ENABLE_HARDENED_RUNTIME = YES;
				PRODUCT_NAME = "$(TARGET_NAME)";
				SWIFT_VERSION = 5.0;
			};
			name = Debug;
		};
		14371CEC29AC3A6700DFD1F1 /* Release */ = {
			isa = XCBuildConfiguration;
			buildSettings = {
				CODE_SIGN_STYLE = Automatic;
				DEVELOPMENT_TEAM = 727CVV9PLJ;
				ENABLE_HARDENED_RUNTIME = YES;
				PRODUCT_NAME = "$(TARGET_NAME)";
				SWIFT_VERSION = 5.0;
			};
			name = Release;
		};
		14371CF629AC3A8500DFD1F1 /* Debug */ = {
			isa = XCBuildConfiguration;
			buildSettings = {
				CODE_SIGN_STYLE = Automatic;
				DEVELOPMENT_TEAM = 727CVV9PLJ;
				ENABLE_HARDENED_RUNTIME = YES;
				PRODUCT_NAME = "$(TARGET_NAME)";
				SWIFT_VERSION = 5.0;
			};
			name = Debug;
		};
		14371CF729AC3A8500DFD1F1 /* Release */ = {
			isa = XCBuildConfiguration;
			buildSettings = {
				CODE_SIGN_STYLE = Automatic;
				DEVELOPMENT_TEAM = 727CVV9PLJ;
				ENABLE_HARDENED_RUNTIME = YES;
				PRODUCT_NAME = "$(TARGET_NAME)";
				SWIFT_VERSION = 5.0;
			};
			name = Release;
		};
		14371D0129AC3C7800DFD1F1 /* Debug */ = {
			isa = XCBuildConfiguration;
			buildSettings = {
				CODE_SIGN_STYLE = Automatic;
				DEVELOPMENT_TEAM = 727CVV9PLJ;
				ENABLE_HARDENED_RUNTIME = YES;
				PRODUCT_NAME = "$(TARGET_NAME)";
				SWIFT_VERSION = 5.0;
			};
			name = Debug;
		};
		14371D0229AC3C7800DFD1F1 /* Release */ = {
			isa = XCBuildConfiguration;
			buildSettings = {
				CODE_SIGN_STYLE = Automatic;
				DEVELOPMENT_TEAM = 727CVV9PLJ;
				ENABLE_HARDENED_RUNTIME = YES;
				PRODUCT_NAME = "$(TARGET_NAME)";
				SWIFT_VERSION = 5.0;
			};
			name = Release;
		};
		14371D5629ADCEFE00DFD1F1 /* Debug */ = {
			isa = XCBuildConfiguration;
			buildSettings = {
				CODE_SIGN_STYLE = Automatic;
				DEVELOPMENT_TEAM = 727CVV9PLJ;
				ENABLE_HARDENED_RUNTIME = YES;
				PRODUCT_NAME = "$(TARGET_NAME)";
				SWIFT_VERSION = 5.0;
			};
			name = Debug;
		};
		14371D5729ADCEFE00DFD1F1 /* Release */ = {
			isa = XCBuildConfiguration;
			buildSettings = {
				CODE_SIGN_STYLE = Automatic;
				DEVELOPMENT_TEAM = 727CVV9PLJ;
				ENABLE_HARDENED_RUNTIME = YES;
				PRODUCT_NAME = "$(TARGET_NAME)";
				SWIFT_VERSION = 5.0;
			};
			name = Release;
		};
		14371D6229ADD1A900DFD1F1 /* Debug */ = {
			isa = XCBuildConfiguration;
			buildSettings = {
				CODE_SIGN_STYLE = Automatic;
				DEVELOPMENT_TEAM = 727CVV9PLJ;
				ENABLE_HARDENED_RUNTIME = YES;
				PRODUCT_NAME = "$(TARGET_NAME)";
				SWIFT_VERSION = 5.0;
			};
			name = Debug;
		};
		14371D6329ADD1A900DFD1F1 /* Release */ = {
			isa = XCBuildConfiguration;
			buildSettings = {
				CODE_SIGN_STYLE = Automatic;
				DEVELOPMENT_TEAM = 727CVV9PLJ;
				ENABLE_HARDENED_RUNTIME = YES;
				PRODUCT_NAME = "$(TARGET_NAME)";
				SWIFT_VERSION = 5.0;
			};
			name = Release;
		};
		14371D8E29ADE5E500DFD1F1 /* Debug */ = {
			isa = XCBuildConfiguration;
			buildSettings = {
				CODE_SIGN_STYLE = Automatic;
				DEVELOPMENT_TEAM = 727CVV9PLJ;
				ENABLE_HARDENED_RUNTIME = YES;
				PRODUCT_NAME = "$(TARGET_NAME)";
				SWIFT_VERSION = 5.0;
			};
			name = Debug;
		};
		14371D8F29ADE5E500DFD1F1 /* Release */ = {
			isa = XCBuildConfiguration;
			buildSettings = {
				CODE_SIGN_STYLE = Automatic;
				DEVELOPMENT_TEAM = 727CVV9PLJ;
				ENABLE_HARDENED_RUNTIME = YES;
				PRODUCT_NAME = "$(TARGET_NAME)";
				SWIFT_VERSION = 5.0;
			};
			name = Release;
		};
		14371DA129AEDEBA00DFD1F1 /* Debug */ = {
			isa = XCBuildConfiguration;
			buildSettings = {
				CODE_SIGN_STYLE = Automatic;
				DEVELOPMENT_TEAM = 727CVV9PLJ;
				ENABLE_HARDENED_RUNTIME = YES;
				PRODUCT_NAME = "$(TARGET_NAME)";
				SWIFT_VERSION = 5.0;
			};
			name = Debug;
		};
		14371DA229AEDEBA00DFD1F1 /* Release */ = {
			isa = XCBuildConfiguration;
			buildSettings = {
				CODE_SIGN_STYLE = Automatic;
				DEVELOPMENT_TEAM = 727CVV9PLJ;
				ENABLE_HARDENED_RUNTIME = YES;
				PRODUCT_NAME = "$(TARGET_NAME)";
				SWIFT_VERSION = 5.0;
			};
			name = Release;
		};
		14371DAD29AEE98000DFD1F1 /* Debug */ = {
			isa = XCBuildConfiguration;
			buildSettings = {
				CODE_SIGN_STYLE = Automatic;
				DEVELOPMENT_TEAM = 727CVV9PLJ;
				ENABLE_HARDENED_RUNTIME = YES;
				PRODUCT_NAME = "$(TARGET_NAME)";
				SWIFT_VERSION = 5.0;
			};
			name = Debug;
		};
		14371DAE29AEE98000DFD1F1 /* Release */ = {
			isa = XCBuildConfiguration;
			buildSettings = {
				CODE_SIGN_STYLE = Automatic;
				DEVELOPMENT_TEAM = 727CVV9PLJ;
				ENABLE_HARDENED_RUNTIME = YES;
				PRODUCT_NAME = "$(TARGET_NAME)";
				SWIFT_VERSION = 5.0;
			};
			name = Release;
		};
		148C6D0629B45566002F49D2 /* Debug */ = {
			isa = XCBuildConfiguration;
			buildSettings = {
				CODE_SIGN_STYLE = Automatic;
				DEVELOPMENT_TEAM = 727CVV9PLJ;
				ENABLE_HARDENED_RUNTIME = YES;
				PRODUCT_NAME = "$(TARGET_NAME)";
				SWIFT_VERSION = 5.0;
			};
			name = Debug;
		};
		148C6D0729B45566002F49D2 /* Release */ = {
			isa = XCBuildConfiguration;
			buildSettings = {
				CODE_SIGN_STYLE = Automatic;
				DEVELOPMENT_TEAM = 727CVV9PLJ;
				ENABLE_HARDENED_RUNTIME = YES;
				PRODUCT_NAME = "$(TARGET_NAME)";
				SWIFT_VERSION = 5.0;
			};
			name = Release;
		};
		148C6D1229B45EE6002F49D2 /* Debug */ = {
			isa = XCBuildConfiguration;
			buildSettings = {
				CODE_SIGN_STYLE = Automatic;
				DEVELOPMENT_TEAM = 727CVV9PLJ;
				ENABLE_HARDENED_RUNTIME = YES;
				PRODUCT_NAME = "$(TARGET_NAME)";
				SWIFT_VERSION = 5.0;
			};
			name = Debug;
		};
		148C6D1329B45EE6002F49D2 /* Release */ = {
			isa = XCBuildConfiguration;
			buildSettings = {
				CODE_SIGN_STYLE = Automatic;
				DEVELOPMENT_TEAM = 727CVV9PLJ;
				ENABLE_HARDENED_RUNTIME = YES;
				PRODUCT_NAME = "$(TARGET_NAME)";
				SWIFT_VERSION = 5.0;
			};
			name = Release;
		};
		148C6D1D29B46138002F49D2 /* Debug */ = {
			isa = XCBuildConfiguration;
			buildSettings = {
				CODE_SIGN_STYLE = Automatic;
				DEVELOPMENT_TEAM = 727CVV9PLJ;
				ENABLE_HARDENED_RUNTIME = YES;
				PRODUCT_NAME = "$(TARGET_NAME)";
				SWIFT_VERSION = 5.0;
			};
			name = Debug;
		};
		148C6D1E29B46138002F49D2 /* Release */ = {
			isa = XCBuildConfiguration;
			buildSettings = {
				CODE_SIGN_STYLE = Automatic;
				DEVELOPMENT_TEAM = 727CVV9PLJ;
				ENABLE_HARDENED_RUNTIME = YES;
				PRODUCT_NAME = "$(TARGET_NAME)";
				SWIFT_VERSION = 5.0;
			};
			name = Release;
		};
		148C6D2729B57006002F49D2 /* Debug */ = {
			isa = XCBuildConfiguration;
			buildSettings = {
				CODE_SIGN_STYLE = Automatic;
				DEVELOPMENT_TEAM = 727CVV9PLJ;
				ENABLE_HARDENED_RUNTIME = YES;
				PRODUCT_NAME = "$(TARGET_NAME)";
				SWIFT_VERSION = 5.0;
			};
			name = Debug;
		};
		148C6D2829B57006002F49D2 /* Release */ = {
			isa = XCBuildConfiguration;
			buildSettings = {
				CODE_SIGN_STYLE = Automatic;
				DEVELOPMENT_TEAM = 727CVV9PLJ;
				ENABLE_HARDENED_RUNTIME = YES;
				PRODUCT_NAME = "$(TARGET_NAME)";
				SWIFT_VERSION = 5.0;
			};
			name = Release;
		};
		148C6D3329B571A2002F49D2 /* Debug */ = {
			isa = XCBuildConfiguration;
			buildSettings = {
				CODE_SIGN_STYLE = Automatic;
				DEVELOPMENT_TEAM = 727CVV9PLJ;
				ENABLE_HARDENED_RUNTIME = YES;
				PRODUCT_NAME = "$(TARGET_NAME)";
				SWIFT_VERSION = 5.0;
			};
			name = Debug;
		};
		148C6D3429B571A2002F49D2 /* Release */ = {
			isa = XCBuildConfiguration;
			buildSettings = {
				CODE_SIGN_STYLE = Automatic;
				DEVELOPMENT_TEAM = 727CVV9PLJ;
				ENABLE_HARDENED_RUNTIME = YES;
				PRODUCT_NAME = "$(TARGET_NAME)";
				SWIFT_VERSION = 5.0;
			};
			name = Release;
		};
		148C6D3E29B59E38002F49D2 /* Debug */ = {
			isa = XCBuildConfiguration;
			buildSettings = {
				CODE_SIGN_STYLE = Automatic;
				DEVELOPMENT_TEAM = 727CVV9PLJ;
				ENABLE_HARDENED_RUNTIME = YES;
				PRODUCT_NAME = "$(TARGET_NAME)";
				SWIFT_VERSION = 5.0;
			};
			name = Debug;
		};
		148C6D3F29B59E38002F49D2 /* Release */ = {
			isa = XCBuildConfiguration;
			buildSettings = {
				CODE_SIGN_STYLE = Automatic;
				DEVELOPMENT_TEAM = 727CVV9PLJ;
				ENABLE_HARDENED_RUNTIME = YES;
				PRODUCT_NAME = "$(TARGET_NAME)";
				SWIFT_VERSION = 5.0;
			};
			name = Release;
		};
/* End XCBuildConfiguration section */

/* Begin XCConfigurationList section */
		1404BAEF29AF998A00FDDE16 /* Build configuration list for PBXNativeTarget "R61" */ = {
			isa = XCConfigurationList;
			buildConfigurations = (
				1404BAED29AF998A00FDDE16 /* Debug */,
				1404BAEE29AF998A00FDDE16 /* Release */,
			);
			defaultConfigurationIsVisible = 0;
			defaultConfigurationName = Release;
		};
		1404BAF829B0283D00FDDE16 /* Build configuration list for PBXNativeTarget "R03" */ = {
			isa = XCConfigurationList;
			buildConfigurations = (
				1404BAF929B0283D00FDDE16 /* Debug */,
				1404BAFA29B0283D00FDDE16 /* Release */,
			);
			defaultConfigurationIsVisible = 0;
			defaultConfigurationName = Release;
		};
		1404BB0329B029D600FDDE16 /* Build configuration list for PBXNativeTarget "R53" */ = {
			isa = XCConfigurationList;
			buildConfigurations = (
				1404BB0429B029D600FDDE16 /* Debug */,
				1404BB0529B029D600FDDE16 /* Release */,
			);
			defaultConfigurationIsVisible = 0;
			defaultConfigurationName = Release;
		};
		1404BB0E29B02A6900FDDE16 /* Build configuration list for PBXNativeTarget "R53-2" */ = {
			isa = XCConfigurationList;
			buildConfigurations = (
				1404BB0F29B02A6900FDDE16 /* Debug */,
				1404BB1029B02A6900FDDE16 /* Release */,
			);
			defaultConfigurationIsVisible = 0;
			defaultConfigurationName = Release;
		};
		1404BB3C29B175A500FDDE16 /* Build configuration list for PBXNativeTarget "R04" */ = {
			isa = XCConfigurationList;
			buildConfigurations = (
				1404BB3A29B175A500FDDE16 /* Debug */,
				1404BB3B29B175A500FDDE16 /* Release */,
			);
			defaultConfigurationIsVisible = 0;
			defaultConfigurationName = Release;
		};
		1404BB4529B17BEA00FDDE16 /* Build configuration list for PBXNativeTarget "R11" */ = {
			isa = XCConfigurationList;
			buildConfigurations = (
				1404BB4629B17BEA00FDDE16 /* Debug */,
				1404BB4729B17BEA00FDDE16 /* Release */,
			);
			defaultConfigurationIsVisible = 0;
			defaultConfigurationName = Release;
		};
		1404BB5029B17E9100FDDE16 /* Build configuration list for PBXNativeTarget "R50" */ = {
			isa = XCConfigurationList;
			buildConfigurations = (
				1404BB5129B17E9100FDDE16 /* Debug */,
				1404BB5229B17E9100FDDE16 /* Release */,
			);
			defaultConfigurationIsVisible = 0;
			defaultConfigurationName = Release;
		};
		1404BB7E29B2CC7F00FDDE16 /* Build configuration list for PBXNativeTarget "R32" */ = {
			isa = XCConfigurationList;
			buildConfigurations = (
				1404BB7C29B2CC7F00FDDE16 /* Debug */,
				1404BB7D29B2CC7F00FDDE16 /* Release */,
			);
			defaultConfigurationIsVisible = 0;
			defaultConfigurationName = Release;
		};
		1404BB8729B2D18F00FDDE16 /* Build configuration list for PBXNativeTarget "R27" */ = {
			isa = XCConfigurationList;
			buildConfigurations = (
				1404BB8829B2D18F00FDDE16 /* Debug */,
				1404BB8929B2D18F00FDDE16 /* Release */,
			);
			defaultConfigurationIsVisible = 0;
			defaultConfigurationName = Release;
		};
		1404BB9229B2D32D00FDDE16 /* Build configuration list for PBXNativeTarget "R32-2" */ = {
			isa = XCConfigurationList;
			buildConfigurations = (
				1404BB9329B2D32D00FDDE16 /* Debug */,
				1404BB9429B2D32D00FDDE16 /* Release */,
			);
			defaultConfigurationIsVisible = 0;
			defaultConfigurationName = Release;
		};
		14371CDE29AC3A6700DFD1F1 /* Build configuration list for PBXProject "jian-zhi-offer" */ = {
			isa = XCConfigurationList;
			buildConfigurations = (
				14371CE829AC3A6700DFD1F1 /* Debug */,
				14371CE929AC3A6700DFD1F1 /* Release */,
			);
			defaultConfigurationIsVisible = 0;
			defaultConfigurationName = Release;
		};
		14371CEA29AC3A6700DFD1F1 /* Build configuration list for PBXNativeTarget "jian-zhi-offer" */ = {
			isa = XCConfigurationList;
			buildConfigurations = (
				14371CEB29AC3A6700DFD1F1 /* Debug */,
				14371CEC29AC3A6700DFD1F1 /* Release */,
			);
			defaultConfigurationIsVisible = 0;
			defaultConfigurationName = Release;
		};
		14371CF529AC3A8500DFD1F1 /* Build configuration list for PBXNativeTarget "R09" */ = {
			isa = XCConfigurationList;
			buildConfigurations = (
				14371CF629AC3A8500DFD1F1 /* Debug */,
				14371CF729AC3A8500DFD1F1 /* Release */,
			);
			defaultConfigurationIsVisible = 0;
			defaultConfigurationName = Release;
		};
		14371D0029AC3C7800DFD1F1 /* Build configuration list for PBXNativeTarget "R30" */ = {
			isa = XCConfigurationList;
			buildConfigurations = (
				14371D0129AC3C7800DFD1F1 /* Debug */,
				14371D0229AC3C7800DFD1F1 /* Release */,
			);
			defaultConfigurationIsVisible = 0;
			defaultConfigurationName = Release;
		};
		14371D5829ADCEFE00DFD1F1 /* Build configuration list for PBXNativeTarget "R06" */ = {
			isa = XCConfigurationList;
			buildConfigurations = (
				14371D5629ADCEFE00DFD1F1 /* Debug */,
				14371D5729ADCEFE00DFD1F1 /* Release */,
			);
			defaultConfigurationIsVisible = 0;
			defaultConfigurationName = Release;
		};
		14371D6129ADD1A900DFD1F1 /* Build configuration list for PBXNativeTarget "R24" */ = {
			isa = XCConfigurationList;
			buildConfigurations = (
				14371D6229ADD1A900DFD1F1 /* Debug */,
				14371D6329ADD1A900DFD1F1 /* Release */,
			);
			defaultConfigurationIsVisible = 0;
			defaultConfigurationName = Release;
		};
		14371D8D29ADE5E500DFD1F1 /* Build configuration list for PBXNativeTarget "R35" */ = {
			isa = XCConfigurationList;
			buildConfigurations = (
				14371D8E29ADE5E500DFD1F1 /* Debug */,
				14371D8F29ADE5E500DFD1F1 /* Release */,
			);
			defaultConfigurationIsVisible = 0;
			defaultConfigurationName = Release;
		};
		14371DA329AEDEBA00DFD1F1 /* Build configuration list for PBXNativeTarget "R05" */ = {
			isa = XCConfigurationList;
			buildConfigurations = (
				14371DA129AEDEBA00DFD1F1 /* Debug */,
				14371DA229AEDEBA00DFD1F1 /* Release */,
			);
			defaultConfigurationIsVisible = 0;
			defaultConfigurationName = Release;
		};
		14371DAC29AEE98000DFD1F1 /* Build configuration list for PBXNativeTarget "R58" */ = {
			isa = XCConfigurationList;
			buildConfigurations = (
				14371DAD29AEE98000DFD1F1 /* Debug */,
				14371DAE29AEE98000DFD1F1 /* Release */,
			);
			defaultConfigurationIsVisible = 0;
			defaultConfigurationName = Release;
		};
		148C6D0829B45566002F49D2 /* Build configuration list for PBXNativeTarget "R32-3" */ = {
			isa = XCConfigurationList;
			buildConfigurations = (
				148C6D0629B45566002F49D2 /* Debug */,
				148C6D0729B45566002F49D2 /* Release */,
			);
			defaultConfigurationIsVisible = 0;
			defaultConfigurationName = Release;
		};
		148C6D1129B45EE6002F49D2 /* Build configuration list for PBXNativeTarget "R26" */ = {
			isa = XCConfigurationList;
			buildConfigurations = (
				148C6D1229B45EE6002F49D2 /* Debug */,
				148C6D1329B45EE6002F49D2 /* Release */,
			);
			defaultConfigurationIsVisible = 0;
			defaultConfigurationName = Release;
		};
		148C6D1C29B46138002F49D2 /* Build configuration list for PBXNativeTarget "R28" */ = {
			isa = XCConfigurationList;
			buildConfigurations = (
				148C6D1D29B46138002F49D2 /* Debug */,
				148C6D1E29B46138002F49D2 /* Release */,
			);
			defaultConfigurationIsVisible = 0;
			defaultConfigurationName = Release;
		};
		148C6D2929B57006002F49D2 /* Build configuration list for PBXNativeTarget "R10-I" */ = {
			isa = XCConfigurationList;
			buildConfigurations = (
				148C6D2729B57006002F49D2 /* Debug */,
				148C6D2829B57006002F49D2 /* Release */,
			);
			defaultConfigurationIsVisible = 0;
			defaultConfigurationName = Release;
		};
		148C6D3229B571A2002F49D2 /* Build configuration list for PBXNativeTarget "R10-II" */ = {
			isa = XCConfigurationList;
			buildConfigurations = (
				148C6D3329B571A2002F49D2 /* Debug */,
				148C6D3429B571A2002F49D2 /* Release */,
			);
			defaultConfigurationIsVisible = 0;
			defaultConfigurationName = Release;
		};
		148C6D3D29B59E38002F49D2 /* Build configuration list for PBXNativeTarget "R63" */ = {
			isa = XCConfigurationList;
			buildConfigurations = (
				148C6D3E29B59E38002F49D2 /* Debug */,
				148C6D3F29B59E38002F49D2 /* Release */,
			);
			defaultConfigurationIsVisible = 0;
			defaultConfigurationName = Release;
		};
/* End XCConfigurationList section */
	};
	rootObject = 14371CDB29AC3A6700DFD1F1 /* Project object */;
}
